// !$*UTF8*$!
{
	archiveVersion = 1;
	classes = {
	};
	objectVersion = 46;
	objects = {

/* Begin PBXBuildFile section */
		0201F7D11C688BB100A201F6 /* AppDelegate.m in Sources */ = {isa = PBXBuildFile; fileRef = 0201F7D01C688BB100A201F6 /* AppDelegate.m */; };
		0201F7D41C688BB100A201F6 /* main.m in Sources */ = {isa = PBXBuildFile; fileRef = 0201F7D31C688BB100A201F6 /* main.m */; };
		0201F7D71C688BB100A201F6 /* Document.m in Sources */ = {isa = PBXBuildFile; fileRef = 0201F7D61C688BB100A201F6 /* Document.m */; };
		0201F7DA1C688BB100A201F6 /* MainWindowController.xib in Resources */ = {isa = PBXBuildFile; fileRef = 0201F7D81C688BB100A201F6 /* MainWindowController.xib */; };
		0201F7DC1C688BB100A201F6 /* Assets.xcassets in Resources */ = {isa = PBXBuildFile; fileRef = 0201F7DB1C688BB100A201F6 /* Assets.xcassets */; };
		0201F7DF1C688BB100A201F6 /* MainMenu.xib in Resources */ = {isa = PBXBuildFile; fileRef = 0201F7DD1C688BB100A201F6 /* MainMenu.xib */; };
		026160BA1C68C57D001E99A9 /* MainWindowController.m in Sources */ = {isa = PBXBuildFile; fileRef = 026160B91C68C57D001E99A9 /* MainWindowController.m */; };
		02C947691C690D2200121EA5 /* WelcomeWindowController.m in Sources */ = {isa = PBXBuildFile; fileRef = 02C947671C690D2200121EA5 /* WelcomeWindowController.m */; };
		02C9476A1C690D2200121EA5 /* WelcomeWindowController.xib in Resources */ = {isa = PBXBuildFile; fileRef = 02C947681C690D2200121EA5 /* WelcomeWindowController.xib */; };
		02E982221C68EEA2006F682E /* MainViewController.m in Sources */ = {isa = PBXBuildFile; fileRef = 02E982201C68EEA2006F682E /* MainViewController.m */; };
		02E982231C68EEA2006F682E /* MainViewController.xib in Resources */ = {isa = PBXBuildFile; fileRef = 02E982211C68EEA2006F682E /* MainViewController.xib */; };
		02E982271C68F251006F682E /* DetailViewController.m in Sources */ = {isa = PBXBuildFile; fileRef = 02E982251C68F251006F682E /* DetailViewController.m */; };
		02E982281C68F251006F682E /* DetailViewController.xib in Resources */ = {isa = PBXBuildFile; fileRef = 02E982261C68F251006F682E /* DetailViewController.xib */; };
/* End PBXBuildFile section */

/* Begin PBXFileReference section */
		0201F7CC1C688BB100A201F6 /* NAMIDI.app */ = {isa = PBXFileReference; explicitFileType = wrapper.application; includeInIndex = 0; path = NAMIDI.app; sourceTree = BUILT_PRODUCTS_DIR; };
		0201F7CF1C688BB100A201F6 /* AppDelegate.h */ = {isa = PBXFileReference; lastKnownFileType = sourcecode.c.h; path = AppDelegate.h; sourceTree = "<group>"; };
		0201F7D01C688BB100A201F6 /* AppDelegate.m */ = {isa = PBXFileReference; lastKnownFileType = sourcecode.c.objc; path = AppDelegate.m; sourceTree = "<group>"; };
		0201F7D31C688BB100A201F6 /* main.m */ = {isa = PBXFileReference; lastKnownFileType = sourcecode.c.objc; path = main.m; sourceTree = "<group>"; };
		0201F7D51C688BB100A201F6 /* Document.h */ = {isa = PBXFileReference; lastKnownFileType = sourcecode.c.h; path = Document.h; sourceTree = "<group>"; };
		0201F7D61C688BB100A201F6 /* Document.m */ = {isa = PBXFileReference; lastKnownFileType = sourcecode.c.objc; path = Document.m; sourceTree = "<group>"; };
		0201F7D91C688BB100A201F6 /* Base */ = {isa = PBXFileReference; lastKnownFileType = file.xib; name = Base; path = Base.lproj/MainWindowController.xib; sourceTree = "<group>"; };
		0201F7DB1C688BB100A201F6 /* Assets.xcassets */ = {isa = PBXFileReference; lastKnownFileType = folder.assetcatalog; path = Assets.xcassets; sourceTree = "<group>"; };
		0201F7DE1C688BB100A201F6 /* Base */ = {isa = PBXFileReference; lastKnownFileType = file.xib; name = Base; path = Base.lproj/MainMenu.xib; sourceTree = "<group>"; };
		0201F7E01C688BB100A201F6 /* Info.plist */ = {isa = PBXFileReference; lastKnownFileType = text.plist.xml; path = Info.plist; sourceTree = "<group>"; };
		026160B51C689E18001E99A9 /* NAMIDI.entitlements */ = {isa = PBXFileReference; lastKnownFileType = text.xml; path = NAMIDI.entitlements; sourceTree = "<group>"; };
		026160B81C68C57D001E99A9 /* MainWindowController.h */ = {isa = PBXFileReference; fileEncoding = 4; lastKnownFileType = sourcecode.c.h; path = MainWindowController.h; sourceTree = "<group>"; };
		026160B91C68C57D001E99A9 /* MainWindowController.m */ = {isa = PBXFileReference; fileEncoding = 4; lastKnownFileType = sourcecode.c.objc; path = MainWindowController.m; sourceTree = "<group>"; };
		02C947661C690D2200121EA5 /* WelcomeWindowController.h */ = {isa = PBXFileReference; fileEncoding = 4; lastKnownFileType = sourcecode.c.h; path = WelcomeWindowController.h; sourceTree = "<group>"; };
		02C947671C690D2200121EA5 /* WelcomeWindowController.m */ = {isa = PBXFileReference; fileEncoding = 4; lastKnownFileType = sourcecode.c.objc; path = WelcomeWindowController.m; sourceTree = "<group>"; };
		02C947681C690D2200121EA5 /* WelcomeWindowController.xib */ = {isa = PBXFileReference; fileEncoding = 4; lastKnownFileType = file.xib; path = WelcomeWindowController.xib; sourceTree = "<group>"; };
		02E9821F1C68EEA2006F682E /* MainViewController.h */ = {isa = PBXFileReference; fileEncoding = 4; lastKnownFileType = sourcecode.c.h; path = MainViewController.h; sourceTree = "<group>"; };
		02E982201C68EEA2006F682E /* MainViewController.m */ = {isa = PBXFileReference; fileEncoding = 4; lastKnownFileType = sourcecode.c.objc; path = MainViewController.m; sourceTree = "<group>"; };
		02E982211C68EEA2006F682E /* MainViewController.xib */ = {isa = PBXFileReference; fileEncoding = 4; lastKnownFileType = file.xib; path = MainViewController.xib; sourceTree = "<group>"; };
		02E982241C68F251006F682E /* DetailViewController.h */ = {isa = PBXFileReference; fileEncoding = 4; lastKnownFileType = sourcecode.c.h; path = DetailViewController.h; sourceTree = "<group>"; };
		02E982251C68F251006F682E /* DetailViewController.m */ = {isa = PBXFileReference; fileEncoding = 4; lastKnownFileType = sourcecode.c.objc; path = DetailViewController.m; sourceTree = "<group>"; };
		02E982261C68F251006F682E /* DetailViewController.xib */ = {isa = PBXFileReference; fileEncoding = 4; lastKnownFileType = file.xib; path = DetailViewController.xib; sourceTree = "<group>"; };
/* End PBXFileReference section */

/* Begin PBXFrameworksBuildPhase section */
		0201F7C91C688BB100A201F6 /* Frameworks */ = {
			isa = PBXFrameworksBuildPhase;
			buildActionMask = 2147483647;
			files = (
			);
			runOnlyForDeploymentPostprocessing = 0;
		};
/* End PBXFrameworksBuildPhase section */

/* Begin PBXGroup section */
		0201F7C31C688BB100A201F6 = {
			isa = PBXGroup;
			children = (
				0201F7CE1C688BB100A201F6 /* NAMIDI */,
				0201F7CD1C688BB100A201F6 /* Products */,
			);
			sourceTree = "<group>";
		};
		0201F7CD1C688BB100A201F6 /* Products */ = {
			isa = PBXGroup;
			children = (
				0201F7CC1C688BB100A201F6 /* NAMIDI.app */,
			);
			name = Products;
			sourceTree = "<group>";
		};
		0201F7CE1C688BB100A201F6 /* NAMIDI */ = {
			isa = PBXGroup;
			children = (
				026160B51C689E18001E99A9 /* NAMIDI.entitlements */,
				0201F7CF1C688BB100A201F6 /* AppDelegate.h */,
				0201F7D01C688BB100A201F6 /* AppDelegate.m */,
				0201F7D51C688BB100A201F6 /* Document.h */,
				0201F7D61C688BB100A201F6 /* Document.m */,
				0201F7D81C688BB100A201F6 /* MainWindowController.xib */,
				026160B81C68C57D001E99A9 /* MainWindowController.h */,
				026160B91C68C57D001E99A9 /* MainWindowController.m */,
				02E982211C68EEA2006F682E /* MainViewController.xib */,
				02E9821F1C68EEA2006F682E /* MainViewController.h */,
				02E982201C68EEA2006F682E /* MainViewController.m */,
				02E982261C68F251006F682E /* DetailViewController.xib */,
				02E982241C68F251006F682E /* DetailViewController.h */,
				02E982251C68F251006F682E /* DetailViewController.m */,
				02C947681C690D2200121EA5 /* WelcomeWindowController.xib */,
				02C947661C690D2200121EA5 /* WelcomeWindowController.h */,
				02C947671C690D2200121EA5 /* WelcomeWindowController.m */,
				0201F7DB1C688BB100A201F6 /* Assets.xcassets */,
				0201F7DD1C688BB100A201F6 /* MainMenu.xib */,
				0201F7E01C688BB100A201F6 /* Info.plist */,
				0201F7D21C688BB100A201F6 /* Supporting Files */,
			);
			path = NAMIDI;
			sourceTree = "<group>";
		};
		0201F7D21C688BB100A201F6 /* Supporting Files */ = {
			isa = PBXGroup;
			children = (
				0201F7D31C688BB100A201F6 /* main.m */,
			);
			name = "Supporting Files";
			sourceTree = "<group>";
		};
/* End PBXGroup section */

/* Begin PBXNativeTarget section */
		0201F7CB1C688BB100A201F6 /* NAMIDI */ = {
			isa = PBXNativeTarget;
			buildConfigurationList = 0201F7E31C688BB100A201F6 /* Build configuration list for PBXNativeTarget "NAMIDI" */;
			buildPhases = (
				0201F7C81C688BB100A201F6 /* Sources */,
				0201F7C91C688BB100A201F6 /* Frameworks */,
				0201F7CA1C688BB100A201F6 /* Resources */,
			);
			buildRules = (
			);
			dependencies = (
			);
			name = NAMIDI;
			productName = NAMIDI;
			productReference = 0201F7CC1C688BB100A201F6 /* NAMIDI.app */;
			productType = "com.apple.product-type.application";
		};
/* End PBXNativeTarget section */

/* Begin PBXProject section */
		0201F7C41C688BB100A201F6 /* Project object */ = {
			isa = PBXProject;
			attributes = {
				LastUpgradeCheck = 0720;
				ORGANIZATIONNAME = "Noriyoshi Abe";
				TargetAttributes = {
					0201F7CB1C688BB100A201F6 = {
						CreatedOnToolsVersion = 7.2.1;
						SystemCapabilities = {
							com.apple.Sandbox = {
								enabled = 1;
							};
						};
					};
				};
			};
			buildConfigurationList = 0201F7C71C688BB100A201F6 /* Build configuration list for PBXProject "NAMIDI" */;
			compatibilityVersion = "Xcode 3.2";
			developmentRegion = English;
			hasScannedForEncodings = 0;
			knownRegions = (
				en,
				Base,
			);
			mainGroup = 0201F7C31C688BB100A201F6;
			productRefGroup = 0201F7CD1C688BB100A201F6 /* Products */;
			projectDirPath = "";
			projectRoot = "";
			targets = (
				0201F7CB1C688BB100A201F6 /* NAMIDI */,
			);
		};
/* End PBXProject section */

/* Begin PBXResourcesBuildPhase section */
		0201F7CA1C688BB100A201F6 /* Resources */ = {
			isa = PBXResourcesBuildPhase;
			buildActionMask = 2147483647;
			files = (
				0201F7DC1C688BB100A201F6 /* Assets.xcassets in Resources */,
				0201F7DA1C688BB100A201F6 /* MainWindowController.xib in Resources */,
				02C9476A1C690D2200121EA5 /* WelcomeWindowController.xib in Resources */,
				02E982281C68F251006F682E /* DetailViewController.xib in Resources */,
				0201F7DF1C688BB100A201F6 /* MainMenu.xib in Resources */,
				02E982231C68EEA2006F682E /* MainViewController.xib in Resources */,
			);
			runOnlyForDeploymentPostprocessing = 0;
		};
/* End PBXResourcesBuildPhase section */

/* Begin PBXSourcesBuildPhase section */
		0201F7C81C688BB100A201F6 /* Sources */ = {
			isa = PBXSourcesBuildPhase;
			buildActionMask = 2147483647;
			files = (
				0201F7D71C688BB100A201F6 /* Document.m in Sources */,
				02C947691C690D2200121EA5 /* WelcomeWindowController.m in Sources */,
				0201F7D41C688BB100A201F6 /* main.m in Sources */,
				026160BA1C68C57D001E99A9 /* MainWindowController.m in Sources */,
				02E982221C68EEA2006F682E /* MainViewController.m in Sources */,
				0201F7D11C688BB100A201F6 /* AppDelegate.m in Sources */,
				02E982271C68F251006F682E /* DetailViewController.m in Sources */,
			);
			runOnlyForDeploymentPostprocessing = 0;
		};
/* End PBXSourcesBuildPhase section */

/* Begin PBXVariantGroup section */
		0201F7D81C688BB100A201F6 /* MainWindowController.xib */ = {
			isa = PBXVariantGroup;
			children = (
				0201F7D91C688BB100A201F6 /* Base */,
			);
			name = MainWindowController.xib;
			sourceTree = "<group>";
		};
		0201F7DD1C688BB100A201F6 /* MainMenu.xib */ = {
			isa = PBXVariantGroup;
			children = (
				0201F7DE1C688BB100A201F6 /* Base */,
			);
			name = MainMenu.xib;
			sourceTree = "<group>";
		};
/* End PBXVariantGroup section */

/* Begin XCBuildConfiguration section */
		0201F7E11C688BB100A201F6 /* Debug */ = {
			isa = XCBuildConfiguration;
			buildSettings = {
				ALWAYS_SEARCH_USER_PATHS = NO;
				CLANG_CXX_LANGUAGE_STANDARD = "gnu++0x";
				CLANG_CXX_LIBRARY = "libc++";
				CLANG_ENABLE_MODULES = YES;
				CLANG_ENABLE_OBJC_ARC = YES;
				CLANG_WARN_BOOL_CONVERSION = YES;
				CLANG_WARN_CONSTANT_CONVERSION = YES;
				CLANG_WARN_DIRECT_OBJC_ISA_USAGE = YES_ERROR;
				CLANG_WARN_EMPTY_BODY = YES;
				CLANG_WARN_ENUM_CONVERSION = YES;
				CLANG_WARN_INT_CONVERSION = YES;
				CLANG_WARN_OBJC_ROOT_CLASS = YES_ERROR;
				CLANG_WARN_UNREACHABLE_CODE = YES;
				CLANG_WARN__DUPLICATE_METHOD_MATCH = YES;
				CODE_SIGN_IDENTITY = "-";
				COPY_PHASE_STRIP = NO;
				DEBUG_INFORMATION_FORMAT = dwarf;
				ENABLE_STRICT_OBJC_MSGSEND = YES;
				ENABLE_TESTABILITY = YES;
				GCC_C_LANGUAGE_STANDARD = gnu99;
				GCC_DYNAMIC_NO_PIC = NO;
				GCC_NO_COMMON_BLOCKS = YES;
				GCC_OPTIMIZATION_LEVEL = 0;
				GCC_PREPROCESSOR_DEFINITIONS = (
					"DEBUG=1",
					"$(inherited)",
				);
				GCC_WARN_64_TO_32_BIT_CONVERSION = YES;
				GCC_WARN_ABOUT_RETURN_TYPE = YES_ERROR;
				GCC_WARN_UNDECLARED_SELECTOR = YES;
				GCC_WARN_UNINITIALIZED_AUTOS = YES_AGGRESSIVE;
				GCC_WARN_UNUSED_FUNCTION = YES;
				GCC_WARN_UNUSED_VARIABLE = YES;
				MACOSX_DEPLOYMENT_TARGET = 10.11;
				MTL_ENABLE_DEBUG_INFO = YES;
				ONLY_ACTIVE_ARCH = YES;
				SDKROOT = macosx;
			};
			name = Debug;
		};
		0201F7E21C688BB100A201F6 /* Release */ = {
			isa = XCBuildConfiguration;
			buildSettings = {
				ALWAYS_SEARCH_USER_PATHS = NO;
				CLANG_CXX_LANGUAGE_STANDARD = "gnu++0x";
				CLANG_CXX_LIBRARY = "libc++";
				CLANG_ENABLE_MODULES = YES;
				CLANG_ENABLE_OBJC_ARC = YES;
				CLANG_WARN_BOOL_CONVERSION = YES;
				CLANG_WARN_CONSTANT_CONVERSION = YES;
				CLANG_WARN_DIRECT_OBJC_ISA_USAGE = YES_ERROR;
				CLANG_WARN_EMPTY_BODY = YES;
				CLANG_WARN_ENUM_CONVERSION = YES;
				CLANG_WARN_INT_CONVERSION = YES;
				CLANG_WARN_OBJC_ROOT_CLASS = YES_ERROR;
				CLANG_WARN_UNREACHABLE_CODE = YES;
				CLANG_WARN__DUPLICATE_METHOD_MATCH = YES;
				CODE_SIGN_IDENTITY = "-";
				COPY_PHASE_STRIP = NO;
				DEBUG_INFORMATION_FORMAT = "dwarf-with-dsym";
				ENABLE_NS_ASSERTIONS = NO;
				ENABLE_STRICT_OBJC_MSGSEND = YES;
				GCC_C_LANGUAGE_STANDARD = gnu99;
				GCC_NO_COMMON_BLOCKS = YES;
				GCC_WARN_64_TO_32_BIT_CONVERSION = YES;
				GCC_WARN_ABOUT_RETURN_TYPE = YES_ERROR;
				GCC_WARN_UNDECLARED_SELECTOR = YES;
				GCC_WARN_UNINITIALIZED_AUTOS = YES_AGGRESSIVE;
				GCC_WARN_UNUSED_FUNCTION = YES;
				GCC_WARN_UNUSED_VARIABLE = YES;
				MACOSX_DEPLOYMENT_TARGET = 10.11;
				MTL_ENABLE_DEBUG_INFO = NO;
				SDKROOT = macosx;
			};
			name = Release;
		};
		0201F7E41C688BB100A201F6 /* Debug */ = {
			isa = XCBuildConfiguration;
			buildSettings = {
				ASSETCATALOG_COMPILER_APPICON_NAME = AppIcon;
				CODE_SIGN_ENTITLEMENTS = NAMIDI/NAMIDI.entitlements;
				COMBINE_HIDPI_IMAGES = YES;
				INFOPLIST_FILE = NAMIDI/Info.plist;
				LD_RUNPATH_SEARCH_PATHS = "$(inherited) @executable_path/../Frameworks";
				PRODUCT_BUNDLE_IDENTIFIER = io.namidi.NAMIDI;
				PRODUCT_NAME = "$(TARGET_NAME)";
			};
			name = Debug;
		};
		0201F7E51C688BB100A201F6 /* Release */ = {
			isa = XCBuildConfiguration;
			buildSettings = {
				ASSETCATALOG_COMPILER_APPICON_NAME = AppIcon;
				CODE_SIGN_ENTITLEMENTS = NAMIDI/NAMIDI.entitlements;
				COMBINE_HIDPI_IMAGES = YES;
				INFOPLIST_FILE = NAMIDI/Info.plist;
				LD_RUNPATH_SEARCH_PATHS = "$(inherited) @executable_path/../Frameworks";
				PRODUCT_BUNDLE_IDENTIFIER = io.namidi.NAMIDI;
				PRODUCT_NAME = "$(TARGET_NAME)";
			};
			name = Release;
		};
/* End XCBuildConfiguration section */

/* Begin XCConfigurationList section */
		0201F7C71C688BB100A201F6 /* Build configuration list for PBXProject "NAMIDI" */ = {
			isa = XCConfigurationList;
			buildConfigurations = (
				0201F7E11C688BB100A201F6 /* Debug */,
				0201F7E21C688BB100A201F6 /* Release */,
			);
			defaultConfigurationIsVisible = 0;
			defaultConfigurationName = Release;
		};
		0201F7E31C688BB100A201F6 /* Build configuration list for PBXNativeTarget "NAMIDI" */ = {
			isa = XCConfigurationList;
			buildConfigurations = (
				0201F7E41C688BB100A201F6 /* Debug */,
				0201F7E51C688BB100A201F6 /* Release */,
			);
			defaultConfigurationIsVisible = 0;
			defaultConfigurationName = Release;
		};
/* End XCConfigurationList section */
	};
	rootObject = 0201F7C41C688BB100A201F6 /* Project object */;
}
