// !$*UTF8*$!
{
	archiveVersion = 1;
	classes = {
	};
	objectVersion = 46;
	objects = {

/* Begin PBXBuildFile section */
		020CC1281B636EA8003EBEB1 /* GeneralUser GS Live-Audigy v1.44.sf2 in Resources */ = {isa = PBXBuildFile; fileRef = 020CC1271B636EA8003EBEB1 /* GeneralUser GS Live-Audigy v1.44.sf2 */; };
		020CC1291B6370A2003EBEB1 /* libnamidi-synthesizer.a in Frameworks */ = {isa = PBXBuildFile; fileRef = 020CC1211B635887003EBEB1 /* libnamidi-synthesizer.a */; };
		020CC12B1B6370C2003EBEB1 /* AudioUnit.framework in Frameworks */ = {isa = PBXBuildFile; fileRef = 020CC12A1B6370C2003EBEB1 /* AudioUnit.framework */; };
		021EFCCE1AC18E1700AC924F /* Help in Resources */ = {isa = PBXBuildFile; fileRef = 021EFCCD1AC18E1700AC924F /* Help */; };
		02225DDE1A906E610077ABCB /* AppDelegate.swift in Sources */ = {isa = PBXBuildFile; fileRef = 02225DDD1A906E610077ABCB /* AppDelegate.swift */; };
		02225DE01A906E610077ABCB /* Document.swift in Sources */ = {isa = PBXBuildFile; fileRef = 02225DDF1A906E610077ABCB /* Document.swift */; };
		02225DE31A906E610077ABCB /* Document.xib in Resources */ = {isa = PBXBuildFile; fileRef = 02225DE11A906E610077ABCB /* Document.xib */; };
		02225DE51A906E610077ABCB /* Images.xcassets in Resources */ = {isa = PBXBuildFile; fileRef = 02225DE41A906E610077ABCB /* Images.xcassets */; };
		02225DE81A906E610077ABCB /* MainMenu.xib in Resources */ = {isa = PBXBuildFile; fileRef = 02225DE61A906E610077ABCB /* MainMenu.xib */; };
		02225DF41A906E610077ABCB /* NAMIDITests.swift in Sources */ = {isa = PBXBuildFile; fileRef = 02225DF31A906E610077ABCB /* NAMIDITests.swift */; };
		02225E001A9096100077ABCB /* DocumentView.swift in Sources */ = {isa = PBXBuildFile; fileRef = 02225DFF1A9096100077ABCB /* DocumentView.swift */; };
		024040631A98CE0900858340 /* PianoRollView.swift in Sources */ = {isa = PBXBuildFile; fileRef = 02AA073A1A98BB6100F413A2 /* PianoRollView.swift */; };
		02531BC71A99B45500AB9B37 /* StatusView.swift in Sources */ = {isa = PBXBuildFile; fileRef = 02531BC61A99B45500AB9B37 /* StatusView.swift */; };
		02531BC91A99B58300AB9B37 /* StatusBackgroundView.swift in Sources */ = {isa = PBXBuildFile; fileRef = 02531BC81A99B58300AB9B37 /* StatusBackgroundView.swift */; };
		025F67921A90C6B600E87117 /* DocumentController.swift in Sources */ = {isa = PBXBuildFile; fileRef = 025F67911A90C6B600E87117 /* DocumentController.swift */; };
		02AD4ABF1AADEE4D005364C5 /* icon.png in Resources */ = {isa = PBXBuildFile; fileRef = 02AD4ABE1AADEE4D005364C5 /* icon.png */; };
		02CAE4541AFE1371007D4D27 /* libnamidi-application.a in Frameworks */ = {isa = PBXBuildFile; fileRef = 02EB35DF1AFE106C00EFBE27 /* libnamidi-application.a */; };
		02CAE4551AFE1371007D4D27 /* libnamidi-core.a in Frameworks */ = {isa = PBXBuildFile; fileRef = 02EB35E51AFE107700EFBE27 /* libnamidi-core.a */; };
		02CAE4571AFE33F4007D4D27 /* ErrorMessage.m in Sources */ = {isa = PBXBuildFile; fileRef = 02CAE4561AFE33F4007D4D27 /* ErrorMessage.m */; };
		02CAE4611AFE40F3007D4D27 /* ParseError.strings in Resources */ = {isa = PBXBuildFile; fileRef = 02CAE45F1AFE40F3007D4D27 /* ParseError.strings */; };
		02FE8D531A923C6600BEF62E /* CoreMIDI.framework in Frameworks */ = {isa = PBXBuildFile; fileRef = 02FE8D521A923C6600BEF62E /* CoreMIDI.framework */; };
/* End PBXBuildFile section */

/* Begin PBXContainerItemProxy section */
		020CC1201B635887003EBEB1 /* PBXContainerItemProxy */ = {
			isa = PBXContainerItemProxy;
			containerPortal = 020CC11C1B635887003EBEB1 /* namidi-synthesizer.xcodeproj */;
			proxyType = 2;
			remoteGlobalIDString = 020CC0F11B6357D8003EBEB1;
			remoteInfo = "namidi-synthesizer";
		};
		02225DEE1A906E610077ABCB /* PBXContainerItemProxy */ = {
			isa = PBXContainerItemProxy;
			containerPortal = 02225DD01A906E610077ABCB /* Project object */;
			proxyType = 1;
			remoteGlobalIDString = 02225DD71A906E610077ABCB;
			remoteInfo = NAMIDI;
		};
		02EB35DE1AFE106C00EFBE27 /* PBXContainerItemProxy */ = {
			isa = PBXContainerItemProxy;
			containerPortal = 02EB35DA1AFE106C00EFBE27 /* namidi-application.xcodeproj */;
			proxyType = 2;
			remoteGlobalIDString = 02EB35851AFDF6EB00EFBE27;
			remoteInfo = "namidi-application";
		};
		02EB35E41AFE107700EFBE27 /* PBXContainerItemProxy */ = {
			isa = PBXContainerItemProxy;
			containerPortal = 02EB35E01AFE107700EFBE27 /* namidi-core.xcodeproj */;
			proxyType = 2;
			remoteGlobalIDString = 02EB35391AFDF49400EFBE27;
			remoteInfo = "namidi-core";
		};
		02EB35E61AFE108C00EFBE27 /* PBXContainerItemProxy */ = {
			isa = PBXContainerItemProxy;
			containerPortal = 02EB35E01AFE107700EFBE27 /* namidi-core.xcodeproj */;
			proxyType = 1;
			remoteGlobalIDString = 02EB35381AFDF49400EFBE27;
			remoteInfo = "namidi-core";
		};
		02EB35E81AFE108C00EFBE27 /* PBXContainerItemProxy */ = {
			isa = PBXContainerItemProxy;
			containerPortal = 02EB35DA1AFE106C00EFBE27 /* namidi-application.xcodeproj */;
			proxyType = 1;
			remoteGlobalIDString = 02EB35841AFDF6EB00EFBE27;
			remoteInfo = "namidi-application";
		};
/* End PBXContainerItemProxy section */

/* Begin PBXFileReference section */
		020CC11C1B635887003EBEB1 /* namidi-synthesizer.xcodeproj */ = {isa = PBXFileReference; lastKnownFileType = "wrapper.pb-project"; name = "namidi-synthesizer.xcodeproj"; path = "../synthesizer/namidi-synthesizer.xcodeproj"; sourceTree = "<group>"; };
		020CC1271B636EA8003EBEB1 /* GeneralUser GS Live-Audigy v1.44.sf2 */ = {isa = PBXFileReference; lastKnownFileType = file; path = "GeneralUser GS Live-Audigy v1.44.sf2"; sourceTree = "<group>"; };
		020CC12A1B6370C2003EBEB1 /* AudioUnit.framework */ = {isa = PBXFileReference; lastKnownFileType = wrapper.framework; name = AudioUnit.framework; path = System/Library/Frameworks/AudioUnit.framework; sourceTree = SDKROOT; };
		021EFCCD1AC18E1700AC924F /* Help */ = {isa = PBXFileReference; lastKnownFileType = folder; path = Help; sourceTree = "<group>"; };
		02225DD81A906E610077ABCB /* NAMIDI.app */ = {isa = PBXFileReference; explicitFileType = wrapper.application; includeInIndex = 0; path = NAMIDI.app; sourceTree = BUILT_PRODUCTS_DIR; };
		02225DDC1A906E610077ABCB /* Info.plist */ = {isa = PBXFileReference; lastKnownFileType = text.plist.xml; path = Info.plist; sourceTree = "<group>"; };
		02225DDD1A906E610077ABCB /* AppDelegate.swift */ = {isa = PBXFileReference; lastKnownFileType = sourcecode.swift; path = AppDelegate.swift; sourceTree = "<group>"; };
		02225DDF1A906E610077ABCB /* Document.swift */ = {isa = PBXFileReference; lastKnownFileType = sourcecode.swift; path = Document.swift; sourceTree = "<group>"; };
		02225DE21A906E610077ABCB /* Base */ = {isa = PBXFileReference; lastKnownFileType = file.xib; name = Base; path = Base.lproj/Document.xib; sourceTree = "<group>"; };
		02225DE41A906E610077ABCB /* Images.xcassets */ = {isa = PBXFileReference; lastKnownFileType = folder.assetcatalog; path = Images.xcassets; sourceTree = "<group>"; };
		02225DE71A906E610077ABCB /* Base */ = {isa = PBXFileReference; lastKnownFileType = file.xib; name = Base; path = Base.lproj/MainMenu.xib; sourceTree = "<group>"; };
		02225DED1A906E610077ABCB /* NAMIDITests.xctest */ = {isa = PBXFileReference; explicitFileType = wrapper.cfbundle; includeInIndex = 0; path = NAMIDITests.xctest; sourceTree = BUILT_PRODUCTS_DIR; };
		02225DF21A906E610077ABCB /* Info.plist */ = {isa = PBXFileReference; lastKnownFileType = text.plist.xml; path = Info.plist; sourceTree = "<group>"; };
		02225DF31A906E610077ABCB /* NAMIDITests.swift */ = {isa = PBXFileReference; lastKnownFileType = sourcecode.swift; path = NAMIDITests.swift; sourceTree = "<group>"; };
		02225DFF1A9096100077ABCB /* DocumentView.swift */ = {isa = PBXFileReference; fileEncoding = 4; lastKnownFileType = sourcecode.swift; path = DocumentView.swift; sourceTree = "<group>"; };
		02531BC61A99B45500AB9B37 /* StatusView.swift */ = {isa = PBXFileReference; fileEncoding = 4; lastKnownFileType = sourcecode.swift; path = StatusView.swift; sourceTree = "<group>"; };
		02531BC81A99B58300AB9B37 /* StatusBackgroundView.swift */ = {isa = PBXFileReference; fileEncoding = 4; lastKnownFileType = sourcecode.swift; path = StatusBackgroundView.swift; sourceTree = "<group>"; };
		025F67911A90C6B600E87117 /* DocumentController.swift */ = {isa = PBXFileReference; fileEncoding = 4; lastKnownFileType = sourcecode.swift; path = DocumentController.swift; sourceTree = "<group>"; };
		02AA073A1A98BB6100F413A2 /* PianoRollView.swift */ = {isa = PBXFileReference; fileEncoding = 4; lastKnownFileType = sourcecode.swift; path = PianoRollView.swift; sourceTree = "<group>"; };
		02AD4ABE1AADEE4D005364C5 /* icon.png */ = {isa = PBXFileReference; lastKnownFileType = image.png; path = icon.png; sourceTree = "<group>"; };
		02CAE4561AFE33F4007D4D27 /* ErrorMessage.m */ = {isa = PBXFileReference; fileEncoding = 4; lastKnownFileType = sourcecode.c.objc; path = ErrorMessage.m; sourceTree = "<group>"; };
		02CAE4581AFE3414007D4D27 /* ErrorMessage.h */ = {isa = PBXFileReference; lastKnownFileType = sourcecode.c.h; path = ErrorMessage.h; sourceTree = "<group>"; };
		02CAE4601AFE40F3007D4D27 /* Base */ = {isa = PBXFileReference; fileEncoding = 4; lastKnownFileType = text.plist.strings; name = Base; path = Base.lproj/ParseError.strings; sourceTree = "<group>"; };
		02EB35DA1AFE106C00EFBE27 /* namidi-application.xcodeproj */ = {isa = PBXFileReference; lastKnownFileType = "wrapper.pb-project"; name = "namidi-application.xcodeproj"; path = "../application/namidi-application.xcodeproj"; sourceTree = "<group>"; };
		02EB35E01AFE107700EFBE27 /* namidi-core.xcodeproj */ = {isa = PBXFileReference; lastKnownFileType = "wrapper.pb-project"; name = "namidi-core.xcodeproj"; path = "../core/namidi-core.xcodeproj"; sourceTree = "<group>"; };
		02FE8D491A9237BF00BEF62E /* NAMIDI-Bridging-Header.h */ = {isa = PBXFileReference; lastKnownFileType = sourcecode.c.h; path = "NAMIDI-Bridging-Header.h"; sourceTree = "<group>"; };
		02FE8D521A923C6600BEF62E /* CoreMIDI.framework */ = {isa = PBXFileReference; lastKnownFileType = wrapper.framework; name = CoreMIDI.framework; path = System/Library/Frameworks/CoreMIDI.framework; sourceTree = SDKROOT; };
/* End PBXFileReference section */

/* Begin PBXFrameworksBuildPhase section */
		02225DD51A906E610077ABCB /* Frameworks */ = {
			isa = PBXFrameworksBuildPhase;
			buildActionMask = 2147483647;
			files = (
				02CAE4541AFE1371007D4D27 /* libnamidi-application.a in Frameworks */,
				02CAE4551AFE1371007D4D27 /* libnamidi-core.a in Frameworks */,
				020CC1291B6370A2003EBEB1 /* libnamidi-synthesizer.a in Frameworks */,
				02FE8D531A923C6600BEF62E /* CoreMIDI.framework in Frameworks */,
				020CC12B1B6370C2003EBEB1 /* AudioUnit.framework in Frameworks */,
			);
			runOnlyForDeploymentPostprocessing = 0;
		};
		02225DEA1A906E610077ABCB /* Frameworks */ = {
			isa = PBXFrameworksBuildPhase;
			buildActionMask = 2147483647;
			files = (
			);
			runOnlyForDeploymentPostprocessing = 0;
		};
/* End PBXFrameworksBuildPhase section */

/* Begin PBXGroup section */
		020CC11D1B635887003EBEB1 /* Products */ = {
			isa = PBXGroup;
			children = (
				020CC1211B635887003EBEB1 /* libnamidi-synthesizer.a */,
			);
			name = Products;
			sourceTree = "<group>";
		};
		020CC1261B636EA8003EBEB1 /* Resources */ = {
			isa = PBXGroup;
			children = (
				020CC1271B636EA8003EBEB1 /* GeneralUser GS Live-Audigy v1.44.sf2 */,
			);
			path = Resources;
			sourceTree = "<group>";
		};
		02225DCF1A906E610077ABCB = {
			isa = PBXGroup;
			children = (
				02EB35E01AFE107700EFBE27 /* namidi-core.xcodeproj */,
				020CC11C1B635887003EBEB1 /* namidi-synthesizer.xcodeproj */,
				02EB35DA1AFE106C00EFBE27 /* namidi-application.xcodeproj */,
				02FE8D521A923C6600BEF62E /* CoreMIDI.framework */,
				020CC12A1B6370C2003EBEB1 /* AudioUnit.framework */,
				02225DDA1A906E610077ABCB /* NAMIDI */,
				02225DF01A906E610077ABCB /* NAMIDITests */,
				02225DD91A906E610077ABCB /* Products */,
			);
			sourceTree = "<group>";
		};
		02225DD91A906E610077ABCB /* Products */ = {
			isa = PBXGroup;
			children = (
				02225DD81A906E610077ABCB /* NAMIDI.app */,
				02225DED1A906E610077ABCB /* NAMIDITests.xctest */,
			);
			name = Products;
			sourceTree = "<group>";
		};
		02225DDA1A906E610077ABCB /* NAMIDI */ = {
			isa = PBXGroup;
			children = (
				020CC1261B636EA8003EBEB1 /* Resources */,
				021EFCCD1AC18E1700AC924F /* Help */,
				02AD4ABE1AADEE4D005364C5 /* icon.png */,
				02225DDD1A906E610077ABCB /* AppDelegate.swift */,
				02225DDF1A906E610077ABCB /* Document.swift */,
				02225DE11A906E610077ABCB /* Document.xib */,
				02225DE41A906E610077ABCB /* Images.xcassets */,
				02225DE61A906E610077ABCB /* MainMenu.xib */,
				02225DDB1A906E610077ABCB /* Supporting Files */,
				02225DFF1A9096100077ABCB /* DocumentView.swift */,
				025F67911A90C6B600E87117 /* DocumentController.swift */,
				02FE8D491A9237BF00BEF62E /* NAMIDI-Bridging-Header.h */,
				02AA073A1A98BB6100F413A2 /* PianoRollView.swift */,
				02531BC61A99B45500AB9B37 /* StatusView.swift */,
				02531BC81A99B58300AB9B37 /* StatusBackgroundView.swift */,
				02CAE4561AFE33F4007D4D27 /* ErrorMessage.m */,
				02CAE4581AFE3414007D4D27 /* ErrorMessage.h */,
			);
			path = NAMIDI;
			sourceTree = "<group>";
		};
		02225DDB1A906E610077ABCB /* Supporting Files */ = {
			isa = PBXGroup;
			children = (
				02CAE45F1AFE40F3007D4D27 /* ParseError.strings */,
				02225DDC1A906E610077ABCB /* Info.plist */,
			);
			name = "Supporting Files";
			sourceTree = "<group>";
		};
		02225DF01A906E610077ABCB /* NAMIDITests */ = {
			isa = PBXGroup;
			children = (
				02225DF31A906E610077ABCB /* NAMIDITests.swift */,
				02225DF11A906E610077ABCB /* Supporting Files */,
			);
			path = NAMIDITests;
			sourceTree = "<group>";
		};
		02225DF11A906E610077ABCB /* Supporting Files */ = {
			isa = PBXGroup;
			children = (
				02225DF21A906E610077ABCB /* Info.plist */,
			);
			name = "Supporting Files";
			sourceTree = "<group>";
		};
		02EB35DB1AFE106C00EFBE27 /* Products */ = {
			isa = PBXGroup;
			children = (
				02EB35DF1AFE106C00EFBE27 /* libnamidi-application.a */,
			);
			name = Products;
			sourceTree = "<group>";
		};
		02EB35E11AFE107700EFBE27 /* Products */ = {
			isa = PBXGroup;
			children = (
				02EB35E51AFE107700EFBE27 /* libnamidi-core.a */,
			);
			name = Products;
			sourceTree = "<group>";
		};
/* End PBXGroup section */

/* Begin PBXNativeTarget section */
		02225DD71A906E610077ABCB /* NAMIDI */ = {
			isa = PBXNativeTarget;
			buildConfigurationList = 02225DF71A906E610077ABCB /* Build configuration list for PBXNativeTarget "NAMIDI" */;
			buildPhases = (
				02225DD41A906E610077ABCB /* Sources */,
				02225DD51A906E610077ABCB /* Frameworks */,
				02225DD61A906E610077ABCB /* Resources */,
			);
			buildRules = (
			);
			dependencies = (
				02EB35E71AFE108C00EFBE27 /* PBXTargetDependency */,
				02EB35E91AFE108C00EFBE27 /* PBXTargetDependency */,
			);
			name = NAMIDI;
			productName = NAMIDI;
			productReference = 02225DD81A906E610077ABCB /* NAMIDI.app */;
			productType = "com.apple.product-type.application";
		};
		02225DEC1A906E610077ABCB /* NAMIDITests */ = {
			isa = PBXNativeTarget;
			buildConfigurationList = 02225DFA1A906E610077ABCB /* Build configuration list for PBXNativeTarget "NAMIDITests" */;
			buildPhases = (
				02225DE91A906E610077ABCB /* Sources */,
				02225DEA1A906E610077ABCB /* Frameworks */,
				02225DEB1A906E610077ABCB /* Resources */,
			);
			buildRules = (
			);
			dependencies = (
				02225DEF1A906E610077ABCB /* PBXTargetDependency */,
			);
			name = NAMIDITests;
			productName = NAMIDITests;
			productReference = 02225DED1A906E610077ABCB /* NAMIDITests.xctest */;
			productType = "com.apple.product-type.bundle.unit-test";
		};
/* End PBXNativeTarget section */

/* Begin PBXProject section */
		02225DD01A906E610077ABCB /* Project object */ = {
			isa = PBXProject;
			attributes = {
				LastUpgradeCheck = 0610;
				ORGANIZATIONNAME = abechan;
				TargetAttributes = {
					02225DD71A906E610077ABCB = {
						CreatedOnToolsVersion = 6.1.1;
					};
					02225DEC1A906E610077ABCB = {
						CreatedOnToolsVersion = 6.1.1;
						TestTargetID = 02225DD71A906E610077ABCB;
					};
				};
			};
			buildConfigurationList = 02225DD31A906E610077ABCB /* Build configuration list for PBXProject "NAMIDI" */;
			compatibilityVersion = "Xcode 3.2";
			developmentRegion = English;
			hasScannedForEncodings = 0;
			knownRegions = (
				en,
				Base,
			);
			mainGroup = 02225DCF1A906E610077ABCB;
			productRefGroup = 02225DD91A906E610077ABCB /* Products */;
			projectDirPath = "";
			projectReferences = (
				{
					ProductGroup = 02EB35DB1AFE106C00EFBE27 /* Products */;
					ProjectRef = 02EB35DA1AFE106C00EFBE27 /* namidi-application.xcodeproj */;
				},
				{
					ProductGroup = 02EB35E11AFE107700EFBE27 /* Products */;
					ProjectRef = 02EB35E01AFE107700EFBE27 /* namidi-core.xcodeproj */;
				},
				{
					ProductGroup = 020CC11D1B635887003EBEB1 /* Products */;
					ProjectRef = 020CC11C1B635887003EBEB1 /* namidi-synthesizer.xcodeproj */;
				},
			);
			projectRoot = "";
			targets = (
				02225DD71A906E610077ABCB /* NAMIDI */,
				02225DEC1A906E610077ABCB /* NAMIDITests */,
			);
		};
/* End PBXProject section */

/* Begin PBXReferenceProxy section */
		020CC1211B635887003EBEB1 /* libnamidi-synthesizer.a */ = {
			isa = PBXReferenceProxy;
			fileType = archive.ar;
			path = "libnamidi-synthesizer.a";
			remoteRef = 020CC1201B635887003EBEB1 /* PBXContainerItemProxy */;
			sourceTree = BUILT_PRODUCTS_DIR;
		};
		02EB35DF1AFE106C00EFBE27 /* libnamidi-application.a */ = {
			isa = PBXReferenceProxy;
			fileType = archive.ar;
			path = "libnamidi-application.a";
			remoteRef = 02EB35DE1AFE106C00EFBE27 /* PBXContainerItemProxy */;
			sourceTree = BUILT_PRODUCTS_DIR;
		};
		02EB35E51AFE107700EFBE27 /* libnamidi-core.a */ = {
			isa = PBXReferenceProxy;
			fileType = archive.ar;
			path = "libnamidi-core.a";
			remoteRef = 02EB35E41AFE107700EFBE27 /* PBXContainerItemProxy */;
			sourceTree = BUILT_PRODUCTS_DIR;
		};
/* End PBXReferenceProxy section */

/* Begin PBXResourcesBuildPhase section */
		02225DD61A906E610077ABCB /* Resources */ = {
			isa = PBXResourcesBuildPhase;
			buildActionMask = 2147483647;
			files = (
				020CC1281B636EA8003EBEB1 /* GeneralUser GS Live-Audigy v1.44.sf2 in Resources */,
				02225DE31A906E610077ABCB /* Document.xib in Resources */,
				021EFCCE1AC18E1700AC924F /* Help in Resources */,
				02225DE51A906E610077ABCB /* Images.xcassets in Resources */,
				02225DE81A906E610077ABCB /* MainMenu.xib in Resources */,
				02AD4ABF1AADEE4D005364C5 /* icon.png in Resources */,
				02CAE4611AFE40F3007D4D27 /* ParseError.strings in Resources */,
			);
			runOnlyForDeploymentPostprocessing = 0;
		};
		02225DEB1A906E610077ABCB /* Resources */ = {
			isa = PBXResourcesBuildPhase;
			buildActionMask = 2147483647;
			files = (
			);
			runOnlyForDeploymentPostprocessing = 0;
		};
/* End PBXResourcesBuildPhase section */

/* Begin PBXSourcesBuildPhase section */
		02225DD41A906E610077ABCB /* Sources */ = {
			isa = PBXSourcesBuildPhase;
			buildActionMask = 2147483647;
			files = (
				02CAE4571AFE33F4007D4D27 /* ErrorMessage.m in Sources */,
				02225DE01A906E610077ABCB /* Document.swift in Sources */,
				02225E001A9096100077ABCB /* DocumentView.swift in Sources */,
				02531BC71A99B45500AB9B37 /* StatusView.swift in Sources */,
				025F67921A90C6B600E87117 /* DocumentController.swift in Sources */,
				02531BC91A99B58300AB9B37 /* StatusBackgroundView.swift in Sources */,
				02225DDE1A906E610077ABCB /* AppDelegate.swift in Sources */,
				024040631A98CE0900858340 /* PianoRollView.swift in Sources */,
			);
			runOnlyForDeploymentPostprocessing = 0;
		};
		02225DE91A906E610077ABCB /* Sources */ = {
			isa = PBXSourcesBuildPhase;
			buildActionMask = 2147483647;
			files = (
				02225DF41A906E610077ABCB /* NAMIDITests.swift in Sources */,
			);
			runOnlyForDeploymentPostprocessing = 0;
		};
/* End PBXSourcesBuildPhase section */

/* Begin PBXTargetDependency section */
		02225DEF1A906E610077ABCB /* PBXTargetDependency */ = {
			isa = PBXTargetDependency;
			target = 02225DD71A906E610077ABCB /* NAMIDI */;
			targetProxy = 02225DEE1A906E610077ABCB /* PBXContainerItemProxy */;
		};
		02EB35E71AFE108C00EFBE27 /* PBXTargetDependency */ = {
			isa = PBXTargetDependency;
			name = "namidi-core";
			targetProxy = 02EB35E61AFE108C00EFBE27 /* PBXContainerItemProxy */;
		};
		02EB35E91AFE108C00EFBE27 /* PBXTargetDependency */ = {
			isa = PBXTargetDependency;
			name = "namidi-application";
			targetProxy = 02EB35E81AFE108C00EFBE27 /* PBXContainerItemProxy */;
		};
/* End PBXTargetDependency section */

/* Begin PBXVariantGroup section */
		02225DE11A906E610077ABCB /* Document.xib */ = {
			isa = PBXVariantGroup;
			children = (
				02225DE21A906E610077ABCB /* Base */,
			);
			name = Document.xib;
			sourceTree = "<group>";
		};
		02225DE61A906E610077ABCB /* MainMenu.xib */ = {
			isa = PBXVariantGroup;
			children = (
				02225DE71A906E610077ABCB /* Base */,
			);
			name = MainMenu.xib;
			sourceTree = "<group>";
		};
		02CAE45F1AFE40F3007D4D27 /* ParseError.strings */ = {
			isa = PBXVariantGroup;
			children = (
				02CAE4601AFE40F3007D4D27 /* Base */,
			);
			name = ParseError.strings;
			sourceTree = "<group>";
		};
/* End PBXVariantGroup section */

/* Begin XCBuildConfiguration section */
		02225DF51A906E610077ABCB /* Debug */ = {
			isa = XCBuildConfiguration;
			buildSettings = {
				ALWAYS_SEARCH_USER_PATHS = NO;
				CLANG_CXX_LANGUAGE_STANDARD = "gnu++0x";
				CLANG_CXX_LIBRARY = "libc++";
				CLANG_ENABLE_MODULES = YES;
				CLANG_ENABLE_OBJC_ARC = YES;
				CLANG_WARN_BOOL_CONVERSION = YES;
				CLANG_WARN_CONSTANT_CONVERSION = YES;
				CLANG_WARN_DIRECT_OBJC_ISA_USAGE = YES_ERROR;
				CLANG_WARN_EMPTY_BODY = YES;
				CLANG_WARN_ENUM_CONVERSION = YES;
				CLANG_WARN_INT_CONVERSION = YES;
				CLANG_WARN_OBJC_ROOT_CLASS = YES_ERROR;
				CLANG_WARN_UNREACHABLE_CODE = YES;
				CLANG_WARN__DUPLICATE_METHOD_MATCH = YES;
				CODE_SIGN_IDENTITY = "-";
				COPY_PHASE_STRIP = NO;
				ENABLE_STRICT_OBJC_MSGSEND = YES;
				GCC_C_LANGUAGE_STANDARD = gnu99;
				GCC_DYNAMIC_NO_PIC = NO;
				GCC_OPTIMIZATION_LEVEL = 0;
				GCC_PREPROCESSOR_DEFINITIONS = (
					"DEBUG=1",
					"$(inherited)",
				);
				GCC_SYMBOLS_PRIVATE_EXTERN = NO;
				GCC_WARN_64_TO_32_BIT_CONVERSION = YES;
				GCC_WARN_ABOUT_RETURN_TYPE = YES_ERROR;
				GCC_WARN_UNDECLARED_SELECTOR = YES;
				GCC_WARN_UNINITIALIZED_AUTOS = YES_AGGRESSIVE;
				GCC_WARN_UNUSED_FUNCTION = YES;
				GCC_WARN_UNUSED_VARIABLE = YES;
				HEADER_SEARCH_PATHS = (
					"$(inherited)",
					/Applications/Xcode.app/Contents/Developer/Toolchains/XcodeDefault.xctoolchain/usr/include,
					../application,
					../core,
					../synthesizer,
				);
				MACOSX_DEPLOYMENT_TARGET = 10.9;
				MTL_ENABLE_DEBUG_INFO = YES;
				ONLY_ACTIVE_ARCH = YES;
				SDKROOT = macosx;
				SWIFT_OPTIMIZATION_LEVEL = "-Onone";
			};
			name = Debug;
		};
		02225DF61A906E610077ABCB /* Release */ = {
			isa = XCBuildConfiguration;
			buildSettings = {
				ALWAYS_SEARCH_USER_PATHS = NO;
				CLANG_CXX_LANGUAGE_STANDARD = "gnu++0x";
				CLANG_CXX_LIBRARY = "libc++";
				CLANG_ENABLE_MODULES = YES;
				CLANG_ENABLE_OBJC_ARC = YES;
				CLANG_WARN_BOOL_CONVERSION = YES;
				CLANG_WARN_CONSTANT_CONVERSION = YES;
				CLANG_WARN_DIRECT_OBJC_ISA_USAGE = YES_ERROR;
				CLANG_WARN_EMPTY_BODY = YES;
				CLANG_WARN_ENUM_CONVERSION = YES;
				CLANG_WARN_INT_CONVERSION = YES;
				CLANG_WARN_OBJC_ROOT_CLASS = YES_ERROR;
				CLANG_WARN_UNREACHABLE_CODE = YES;
				CLANG_WARN__DUPLICATE_METHOD_MATCH = YES;
				CODE_SIGN_IDENTITY = "-";
				COPY_PHASE_STRIP = YES;
				DEBUG_INFORMATION_FORMAT = "dwarf-with-dsym";
				ENABLE_NS_ASSERTIONS = NO;
				ENABLE_STRICT_OBJC_MSGSEND = YES;
				GCC_C_LANGUAGE_STANDARD = gnu99;
				GCC_WARN_64_TO_32_BIT_CONVERSION = YES;
				GCC_WARN_ABOUT_RETURN_TYPE = YES_ERROR;
				GCC_WARN_UNDECLARED_SELECTOR = YES;
				GCC_WARN_UNINITIALIZED_AUTOS = YES_AGGRESSIVE;
				GCC_WARN_UNUSED_FUNCTION = YES;
				GCC_WARN_UNUSED_VARIABLE = YES;
				HEADER_SEARCH_PATHS = (
					"$(inherited)",
					/Applications/Xcode.app/Contents/Developer/Toolchains/XcodeDefault.xctoolchain/usr/include,
					../application,
					../core,
					../synthesizer,
				);
				MACOSX_DEPLOYMENT_TARGET = 10.9;
				MTL_ENABLE_DEBUG_INFO = NO;
				SDKROOT = macosx;
			};
			name = Release;
		};
		02225DF81A906E610077ABCB /* Debug */ = {
			isa = XCBuildConfiguration;
			buildSettings = {
				ASSETCATALOG_COMPILER_APPICON_NAME = AppIcon;
				CLANG_ENABLE_MODULES = YES;
				COMBINE_HIDPI_IMAGES = YES;
				INFOPLIST_FILE = NAMIDI/Info.plist;
				LD_RUNPATH_SEARCH_PATHS = "$(inherited) @executable_path/../Frameworks";
				PRODUCT_NAME = "$(TARGET_NAME)";
				SWIFT_OBJC_BRIDGING_HEADER = "NAMIDI/NAMIDI-Bridging-Header.h";
				SWIFT_OPTIMIZATION_LEVEL = "-Onone";
			};
			name = Debug;
		};
		02225DF91A906E610077ABCB /* Release */ = {
			isa = XCBuildConfiguration;
			buildSettings = {
				ASSETCATALOG_COMPILER_APPICON_NAME = AppIcon;
				CLANG_ENABLE_MODULES = YES;
				COMBINE_HIDPI_IMAGES = YES;
				INFOPLIST_FILE = NAMIDI/Info.plist;
				LD_RUNPATH_SEARCH_PATHS = "$(inherited) @executable_path/../Frameworks";
				PRODUCT_NAME = "$(TARGET_NAME)";
				SWIFT_OBJC_BRIDGING_HEADER = "NAMIDI/NAMIDI-Bridging-Header.h";
			};
			name = Release;
		};
		02225DFB1A906E610077ABCB /* Debug */ = {
			isa = XCBuildConfiguration;
			buildSettings = {
				BUNDLE_LOADER = "$(TEST_HOST)";
				COMBINE_HIDPI_IMAGES = YES;
				FRAMEWORK_SEARCH_PATHS = (
					"$(DEVELOPER_FRAMEWORKS_DIR)",
					"$(inherited)",
				);
				GCC_PREPROCESSOR_DEFINITIONS = (
					"DEBUG=1",
					"$(inherited)",
				);
				INFOPLIST_FILE = NAMIDITests/Info.plist;
				LD_RUNPATH_SEARCH_PATHS = "$(inherited) @executable_path/../Frameworks @loader_path/../Frameworks";
				PRODUCT_NAME = "$(TARGET_NAME)";
				TEST_HOST = "$(BUILT_PRODUCTS_DIR)/NAMIDI.app/Contents/MacOS/NAMIDI";
			};
			name = Debug;
		};
		02225DFC1A906E610077ABCB /* Release */ = {
			isa = XCBuildConfiguration;
			buildSettings = {
				BUNDLE_LOADER = "$(TEST_HOST)";
				COMBINE_HIDPI_IMAGES = YES;
				FRAMEWORK_SEARCH_PATHS = (
					"$(DEVELOPER_FRAMEWORKS_DIR)",
					"$(inherited)",
				);
				INFOPLIST_FILE = NAMIDITests/Info.plist;
				LD_RUNPATH_SEARCH_PATHS = "$(inherited) @executable_path/../Frameworks @loader_path/../Frameworks";
				PRODUCT_NAME = "$(TARGET_NAME)";
				TEST_HOST = "$(BUILT_PRODUCTS_DIR)/NAMIDI.app/Contents/MacOS/NAMIDI";
			};
			name = Release;
		};
/* End XCBuildConfiguration section */

/* Begin XCConfigurationList section */
		02225DD31A906E610077ABCB /* Build configuration list for PBXProject "NAMIDI" */ = {
			isa = XCConfigurationList;
			buildConfigurations = (
				02225DF51A906E610077ABCB /* Debug */,
				02225DF61A906E610077ABCB /* Release */,
			);
			defaultConfigurationIsVisible = 0;
			defaultConfigurationName = Release;
		};
		02225DF71A906E610077ABCB /* Build configuration list for PBXNativeTarget "NAMIDI" */ = {
			isa = XCConfigurationList;
			buildConfigurations = (
				02225DF81A906E610077ABCB /* Debug */,
				02225DF91A906E610077ABCB /* Release */,
			);
			defaultConfigurationIsVisible = 0;
			defaultConfigurationName = Release;
		};
		02225DFA1A906E610077ABCB /* Build configuration list for PBXNativeTarget "NAMIDITests" */ = {
			isa = XCConfigurationList;
			buildConfigurations = (
				02225DFB1A906E610077ABCB /* Debug */,
				02225DFC1A906E610077ABCB /* Release */,
			);
			defaultConfigurationIsVisible = 0;
			defaultConfigurationName = Release;
		};
/* End XCConfigurationList section */
	};
	rootObject = 02225DD01A906E610077ABCB /* Project object */;
}
