// !$*UTF8*$!
{
	archiveVersion = 1;
	classes = {
	};
	objectVersion = 46;
	objects = {

/* Begin PBXBuildFile section */
		0201F7D11C688BB100A201F6 /* AppDelegate.m in Sources */ = {isa = PBXBuildFile; fileRef = 0201F7D01C688BB100A201F6 /* AppDelegate.m */; };
		0201F7D41C688BB100A201F6 /* main.m in Sources */ = {isa = PBXBuildFile; fileRef = 0201F7D31C688BB100A201F6 /* main.m */; };
		0201F7D71C688BB100A201F6 /* Document.m in Sources */ = {isa = PBXBuildFile; fileRef = 0201F7D61C688BB100A201F6 /* Document.m */; };
		0201F7DC1C688BB100A201F6 /* Assets.xcassets in Resources */ = {isa = PBXBuildFile; fileRef = 0201F7DB1C688BB100A201F6 /* Assets.xcassets */; };
		020CF8301C6A04830025DF84 /* getting-started in Resources */ = {isa = PBXBuildFile; fileRef = 020CF82F1C6A04830025DF84 /* getting-started */; };
		020CF8321C6A059C0025DF84 /* WebKit.framework in Frameworks */ = {isa = PBXBuildFile; fileRef = 020CF8311C6A059C0025DF84 /* WebKit.framework */; };
		020CF8391C6A1BFD0025DF84 /* GettingStartedWindowController.xib in Resources */ = {isa = PBXBuildFile; fileRef = 020CF8381C6A1BFD0025DF84 /* GettingStartedWindowController.xib */; };
		020CF83D1C6A3AD30025DF84 /* NAMIDI.help in Resources */ = {isa = PBXBuildFile; fileRef = 020CF83C1C6A3AD30025DF84 /* NAMIDI.help */; };
		020CF8561C6AD4D80025DF84 /* PreferenceWindowController.m in Sources */ = {isa = PBXBuildFile; fileRef = 020CF8541C6AD4D80025DF84 /* PreferenceWindowController.m */; };
		020CF8571C6AD4D80025DF84 /* PreferenceWindowController.xib in Resources */ = {isa = PBXBuildFile; fileRef = 020CF8551C6AD4D80025DF84 /* PreferenceWindowController.xib */; };
		024A5B0D1C69FF990079D22C /* MainMenu.xib in Resources */ = {isa = PBXBuildFile; fileRef = 024A5B0C1C69FF990079D22C /* MainMenu.xib */; };
		024A5B121C69FFCD0079D22C /* DetailViewController.m in Sources */ = {isa = PBXBuildFile; fileRef = 024A5B101C69FFCD0079D22C /* DetailViewController.m */; };
		024A5B131C69FFCD0079D22C /* DetailViewController.xib in Resources */ = {isa = PBXBuildFile; fileRef = 024A5B111C69FFCD0079D22C /* DetailViewController.xib */; };
		024A5B1B1C69FFD40079D22C /* MainViewController.m in Sources */ = {isa = PBXBuildFile; fileRef = 024A5B161C69FFD40079D22C /* MainViewController.m */; };
		024A5B1C1C69FFD40079D22C /* MainViewController.xib in Resources */ = {isa = PBXBuildFile; fileRef = 024A5B171C69FFD40079D22C /* MainViewController.xib */; };
		024A5B1D1C69FFD40079D22C /* MainWindowController.m in Sources */ = {isa = PBXBuildFile; fileRef = 024A5B191C69FFD40079D22C /* MainWindowController.m */; };
		024A5B1E1C69FFD40079D22C /* MainWindowController.xib in Resources */ = {isa = PBXBuildFile; fileRef = 024A5B1A1C69FFD40079D22C /* MainWindowController.xib */; };
		024A5B2A1C69FFD90079D22C /* WelcomeView.m in Sources */ = {isa = PBXBuildFile; fileRef = 024A5B211C69FFD90079D22C /* WelcomeView.m */; };
		024A5B2B1C69FFD90079D22C /* WelcomeView.xib in Resources */ = {isa = PBXBuildFile; fileRef = 024A5B221C69FFD90079D22C /* WelcomeView.xib */; };
		024A5B2C1C69FFD90079D22C /* WelcomeViewRecentTableCell.m in Sources */ = {isa = PBXBuildFile; fileRef = 024A5B241C69FFD90079D22C /* WelcomeViewRecentTableCell.m */; };
		024A5B2D1C69FFD90079D22C /* WelcomeWindow.m in Sources */ = {isa = PBXBuildFile; fileRef = 024A5B261C69FFD90079D22C /* WelcomeWindow.m */; };
		024A5B2E1C69FFD90079D22C /* WelcomeWindowController.m in Sources */ = {isa = PBXBuildFile; fileRef = 024A5B281C69FFD90079D22C /* WelcomeWindowController.m */; };
		024A5B2F1C69FFD90079D22C /* WelcomeWindowController.xib in Resources */ = {isa = PBXBuildFile; fileRef = 024A5B291C69FFD90079D22C /* WelcomeWindowController.xib */; };
		024A5B361C6A01280079D22C /* GettingStartedWindowController.m in Sources */ = {isa = PBXBuildFile; fileRef = 024A5B341C6A01280079D22C /* GettingStartedWindowController.m */; };
/* End PBXBuildFile section */

/* Begin PBXFileReference section */
		0201F7CC1C688BB100A201F6 /* NAMIDI.app */ = {isa = PBXFileReference; explicitFileType = wrapper.application; includeInIndex = 0; path = NAMIDI.app; sourceTree = BUILT_PRODUCTS_DIR; };
		0201F7CF1C688BB100A201F6 /* AppDelegate.h */ = {isa = PBXFileReference; lastKnownFileType = sourcecode.c.h; path = AppDelegate.h; sourceTree = "<group>"; };
		0201F7D01C688BB100A201F6 /* AppDelegate.m */ = {isa = PBXFileReference; lastKnownFileType = sourcecode.c.objc; path = AppDelegate.m; sourceTree = "<group>"; };
		0201F7D31C688BB100A201F6 /* main.m */ = {isa = PBXFileReference; lastKnownFileType = sourcecode.c.objc; path = main.m; sourceTree = "<group>"; };
		0201F7D51C688BB100A201F6 /* Document.h */ = {isa = PBXFileReference; lastKnownFileType = sourcecode.c.h; path = Document.h; sourceTree = "<group>"; };
		0201F7D61C688BB100A201F6 /* Document.m */ = {isa = PBXFileReference; lastKnownFileType = sourcecode.c.objc; path = Document.m; sourceTree = "<group>"; };
		0201F7DB1C688BB100A201F6 /* Assets.xcassets */ = {isa = PBXFileReference; lastKnownFileType = folder.assetcatalog; path = Assets.xcassets; sourceTree = "<group>"; };
		0201F7E01C688BB100A201F6 /* Info.plist */ = {isa = PBXFileReference; lastKnownFileType = text.plist.xml; path = Info.plist; sourceTree = "<group>"; };
		020CF82F1C6A04830025DF84 /* getting-started */ = {isa = PBXFileReference; lastKnownFileType = folder; path = "getting-started"; sourceTree = "<group>"; };
		020CF8311C6A059C0025DF84 /* WebKit.framework */ = {isa = PBXFileReference; lastKnownFileType = wrapper.framework; name = WebKit.framework; path = System/Library/Frameworks/WebKit.framework; sourceTree = SDKROOT; };
		020CF8381C6A1BFD0025DF84 /* GettingStartedWindowController.xib */ = {isa = PBXFileReference; fileEncoding = 4; lastKnownFileType = file.xib; path = GettingStartedWindowController.xib; sourceTree = "<group>"; };
		020CF83C1C6A3AD30025DF84 /* NAMIDI.help */ = {isa = PBXFileReference; lastKnownFileType = folder; path = NAMIDI.help; sourceTree = "<group>"; };
		020CF8531C6AD4D80025DF84 /* PreferenceWindowController.h */ = {isa = PBXFileReference; fileEncoding = 4; lastKnownFileType = sourcecode.c.h; path = PreferenceWindowController.h; sourceTree = "<group>"; };
		020CF8541C6AD4D80025DF84 /* PreferenceWindowController.m */ = {isa = PBXFileReference; fileEncoding = 4; lastKnownFileType = sourcecode.c.objc; path = PreferenceWindowController.m; sourceTree = "<group>"; };
		020CF8551C6AD4D80025DF84 /* PreferenceWindowController.xib */ = {isa = PBXFileReference; fileEncoding = 4; lastKnownFileType = file.xib; path = PreferenceWindowController.xib; sourceTree = "<group>"; };
		024A5B0C1C69FF990079D22C /* MainMenu.xib */ = {isa = PBXFileReference; fileEncoding = 4; lastKnownFileType = file.xib; path = MainMenu.xib; sourceTree = "<group>"; };
		024A5B0F1C69FFCD0079D22C /* DetailViewController.h */ = {isa = PBXFileReference; fileEncoding = 4; lastKnownFileType = sourcecode.c.h; path = DetailViewController.h; sourceTree = "<group>"; };
		024A5B101C69FFCD0079D22C /* DetailViewController.m */ = {isa = PBXFileReference; fileEncoding = 4; lastKnownFileType = sourcecode.c.objc; path = DetailViewController.m; sourceTree = "<group>"; };
		024A5B111C69FFCD0079D22C /* DetailViewController.xib */ = {isa = PBXFileReference; fileEncoding = 4; lastKnownFileType = file.xib; path = DetailViewController.xib; sourceTree = "<group>"; };
		024A5B151C69FFD40079D22C /* MainViewController.h */ = {isa = PBXFileReference; fileEncoding = 4; lastKnownFileType = sourcecode.c.h; path = MainViewController.h; sourceTree = "<group>"; };
		024A5B161C69FFD40079D22C /* MainViewController.m */ = {isa = PBXFileReference; fileEncoding = 4; lastKnownFileType = sourcecode.c.objc; path = MainViewController.m; sourceTree = "<group>"; };
		024A5B171C69FFD40079D22C /* MainViewController.xib */ = {isa = PBXFileReference; fileEncoding = 4; lastKnownFileType = file.xib; path = MainViewController.xib; sourceTree = "<group>"; };
		024A5B181C69FFD40079D22C /* MainWindowController.h */ = {isa = PBXFileReference; fileEncoding = 4; lastKnownFileType = sourcecode.c.h; path = MainWindowController.h; sourceTree = "<group>"; };
		024A5B191C69FFD40079D22C /* MainWindowController.m */ = {isa = PBXFileReference; fileEncoding = 4; lastKnownFileType = sourcecode.c.objc; path = MainWindowController.m; sourceTree = "<group>"; };
		024A5B1A1C69FFD40079D22C /* MainWindowController.xib */ = {isa = PBXFileReference; fileEncoding = 4; lastKnownFileType = file.xib; path = MainWindowController.xib; sourceTree = "<group>"; };
		024A5B201C69FFD90079D22C /* WelcomeView.h */ = {isa = PBXFileReference; fileEncoding = 4; lastKnownFileType = sourcecode.c.h; path = WelcomeView.h; sourceTree = "<group>"; };
		024A5B211C69FFD90079D22C /* WelcomeView.m */ = {isa = PBXFileReference; fileEncoding = 4; lastKnownFileType = sourcecode.c.objc; path = WelcomeView.m; sourceTree = "<group>"; };
		024A5B221C69FFD90079D22C /* WelcomeView.xib */ = {isa = PBXFileReference; fileEncoding = 4; lastKnownFileType = file.xib; path = WelcomeView.xib; sourceTree = "<group>"; };
		024A5B231C69FFD90079D22C /* WelcomeViewRecentTableCell.h */ = {isa = PBXFileReference; fileEncoding = 4; lastKnownFileType = sourcecode.c.h; path = WelcomeViewRecentTableCell.h; sourceTree = "<group>"; };
		024A5B241C69FFD90079D22C /* WelcomeViewRecentTableCell.m */ = {isa = PBXFileReference; fileEncoding = 4; lastKnownFileType = sourcecode.c.objc; path = WelcomeViewRecentTableCell.m; sourceTree = "<group>"; };
		024A5B251C69FFD90079D22C /* WelcomeWindow.h */ = {isa = PBXFileReference; fileEncoding = 4; lastKnownFileType = sourcecode.c.h; path = WelcomeWindow.h; sourceTree = "<group>"; };
		024A5B261C69FFD90079D22C /* WelcomeWindow.m */ = {isa = PBXFileReference; fileEncoding = 4; lastKnownFileType = sourcecode.c.objc; path = WelcomeWindow.m; sourceTree = "<group>"; };
		024A5B271C69FFD90079D22C /* WelcomeWindowController.h */ = {isa = PBXFileReference; fileEncoding = 4; lastKnownFileType = sourcecode.c.h; path = WelcomeWindowController.h; sourceTree = "<group>"; };
		024A5B281C69FFD90079D22C /* WelcomeWindowController.m */ = {isa = PBXFileReference; fileEncoding = 4; lastKnownFileType = sourcecode.c.objc; path = WelcomeWindowController.m; sourceTree = "<group>"; };
		024A5B291C69FFD90079D22C /* WelcomeWindowController.xib */ = {isa = PBXFileReference; fileEncoding = 4; lastKnownFileType = file.xib; path = WelcomeWindowController.xib; sourceTree = "<group>"; };
		024A5B331C6A01280079D22C /* GettingStartedWindowController.h */ = {isa = PBXFileReference; fileEncoding = 4; lastKnownFileType = sourcecode.c.h; path = GettingStartedWindowController.h; sourceTree = "<group>"; };
		024A5B341C6A01280079D22C /* GettingStartedWindowController.m */ = {isa = PBXFileReference; fileEncoding = 4; lastKnownFileType = sourcecode.c.objc; path = GettingStartedWindowController.m; sourceTree = "<group>"; };
		026160B51C689E18001E99A9 /* NAMIDI.entitlements */ = {isa = PBXFileReference; lastKnownFileType = text.xml; path = NAMIDI.entitlements; sourceTree = "<group>"; };
/* End PBXFileReference section */

/* Begin PBXFrameworksBuildPhase section */
		0201F7C91C688BB100A201F6 /* Frameworks */ = {
			isa = PBXFrameworksBuildPhase;
			buildActionMask = 2147483647;
			files = (
				020CF8321C6A059C0025DF84 /* WebKit.framework in Frameworks */,
			);
			runOnlyForDeploymentPostprocessing = 0;
		};
/* End PBXFrameworksBuildPhase section */

/* Begin PBXGroup section */
		0201F7C31C688BB100A201F6 = {
			isa = PBXGroup;
			children = (
				020CF8311C6A059C0025DF84 /* WebKit.framework */,
				0201F7CE1C688BB100A201F6 /* NAMIDI */,
				0201F7CD1C688BB100A201F6 /* Products */,
			);
			sourceTree = "<group>";
		};
		0201F7CD1C688BB100A201F6 /* Products */ = {
			isa = PBXGroup;
			children = (
				0201F7CC1C688BB100A201F6 /* NAMIDI.app */,
			);
			name = Products;
			sourceTree = "<group>";
		};
		0201F7CE1C688BB100A201F6 /* NAMIDI */ = {
			isa = PBXGroup;
			children = (
				024A5B1F1C69FFD90079D22C /* Welcome */,
				024A5B321C6A00F50079D22C /* GettingStarted */,
				024A5B141C69FFD40079D22C /* Main */,
				024A5B0E1C69FFCD0079D22C /* Detail */,
				020CF8521C6AD4820025DF84 /* Preference */,
				026160B51C689E18001E99A9 /* NAMIDI.entitlements */,
				0201F7CF1C688BB100A201F6 /* AppDelegate.h */,
				0201F7D01C688BB100A201F6 /* AppDelegate.m */,
				0201F7D51C688BB100A201F6 /* Document.h */,
				0201F7D61C688BB100A201F6 /* Document.m */,
				024A5B0C1C69FF990079D22C /* MainMenu.xib */,
				0201F7DB1C688BB100A201F6 /* Assets.xcassets */,
				0201F7E01C688BB100A201F6 /* Info.plist */,
				020CF83C1C6A3AD30025DF84 /* NAMIDI.help */,
				0201F7D21C688BB100A201F6 /* Supporting Files */,
			);
			path = NAMIDI;
			sourceTree = "<group>";
		};
		0201F7D21C688BB100A201F6 /* Supporting Files */ = {
			isa = PBXGroup;
			children = (
				0201F7D31C688BB100A201F6 /* main.m */,
			);
			name = "Supporting Files";
			sourceTree = "<group>";
		};
		020CF8521C6AD4820025DF84 /* Preference */ = {
			isa = PBXGroup;
			children = (
				020CF8531C6AD4D80025DF84 /* PreferenceWindowController.h */,
				020CF8541C6AD4D80025DF84 /* PreferenceWindowController.m */,
				020CF8551C6AD4D80025DF84 /* PreferenceWindowController.xib */,
			);
			path = Preference;
			sourceTree = "<group>";
		};
		024A5B0E1C69FFCD0079D22C /* Detail */ = {
			isa = PBXGroup;
			children = (
				024A5B0F1C69FFCD0079D22C /* DetailViewController.h */,
				024A5B101C69FFCD0079D22C /* DetailViewController.m */,
				024A5B111C69FFCD0079D22C /* DetailViewController.xib */,
			);
			path = Detail;
			sourceTree = "<group>";
		};
		024A5B141C69FFD40079D22C /* Main */ = {
			isa = PBXGroup;
			children = (
				024A5B151C69FFD40079D22C /* MainViewController.h */,
				024A5B161C69FFD40079D22C /* MainViewController.m */,
				024A5B171C69FFD40079D22C /* MainViewController.xib */,
				024A5B181C69FFD40079D22C /* MainWindowController.h */,
				024A5B191C69FFD40079D22C /* MainWindowController.m */,
				024A5B1A1C69FFD40079D22C /* MainWindowController.xib */,
			);
			path = Main;
			sourceTree = "<group>";
		};
		024A5B1F1C69FFD90079D22C /* Welcome */ = {
			isa = PBXGroup;
			children = (
				024A5B201C69FFD90079D22C /* WelcomeView.h */,
				024A5B211C69FFD90079D22C /* WelcomeView.m */,
				024A5B221C69FFD90079D22C /* WelcomeView.xib */,
				024A5B231C69FFD90079D22C /* WelcomeViewRecentTableCell.h */,
				024A5B241C69FFD90079D22C /* WelcomeViewRecentTableCell.m */,
				024A5B251C69FFD90079D22C /* WelcomeWindow.h */,
				024A5B261C69FFD90079D22C /* WelcomeWindow.m */,
				024A5B271C69FFD90079D22C /* WelcomeWindowController.h */,
				024A5B281C69FFD90079D22C /* WelcomeWindowController.m */,
				024A5B291C69FFD90079D22C /* WelcomeWindowController.xib */,
			);
			path = Welcome;
			sourceTree = "<group>";
		};
		024A5B321C6A00F50079D22C /* GettingStarted */ = {
			isa = PBXGroup;
			children = (
				020CF82F1C6A04830025DF84 /* getting-started */,
				024A5B331C6A01280079D22C /* GettingStartedWindowController.h */,
				024A5B341C6A01280079D22C /* GettingStartedWindowController.m */,
				020CF8381C6A1BFD0025DF84 /* GettingStartedWindowController.xib */,
			);
			path = GettingStarted;
			sourceTree = "<group>";
		};
/* End PBXGroup section */

/* Begin PBXNativeTarget section */
		0201F7CB1C688BB100A201F6 /* NAMIDI */ = {
			isa = PBXNativeTarget;
			buildConfigurationList = 0201F7E31C688BB100A201F6 /* Build configuration list for PBXNativeTarget "NAMIDI" */;
			buildPhases = (
				0201F7C81C688BB100A201F6 /* Sources */,
				0201F7C91C688BB100A201F6 /* Frameworks */,
				0201F7CA1C688BB100A201F6 /* Resources */,
			);
			buildRules = (
			);
			dependencies = (
			);
			name = NAMIDI;
			productName = NAMIDI;
			productReference = 0201F7CC1C688BB100A201F6 /* NAMIDI.app */;
			productType = "com.apple.product-type.application";
		};
/* End PBXNativeTarget section */

/* Begin PBXProject section */
		0201F7C41C688BB100A201F6 /* Project object */ = {
			isa = PBXProject;
			attributes = {
				LastUpgradeCheck = 0720;
				ORGANIZATIONNAME = "Noriyoshi Abe";
				TargetAttributes = {
					0201F7CB1C688BB100A201F6 = {
						CreatedOnToolsVersion = 7.2.1;
						SystemCapabilities = {
							com.apple.Sandbox = {
								enabled = 1;
							};
						};
					};
				};
			};
			buildConfigurationList = 0201F7C71C688BB100A201F6 /* Build configuration list for PBXProject "NAMIDI" */;
			compatibilityVersion = "Xcode 3.2";
			developmentRegion = English;
			hasScannedForEncodings = 0;
			knownRegions = (
				en,
				Base,
			);
			mainGroup = 0201F7C31C688BB100A201F6;
			productRefGroup = 0201F7CD1C688BB100A201F6 /* Products */;
			projectDirPath = "";
			projectRoot = "";
			targets = (
				0201F7CB1C688BB100A201F6 /* NAMIDI */,
			);
		};
/* End PBXProject section */

/* Begin PBXResourcesBuildPhase section */
		0201F7CA1C688BB100A201F6 /* Resources */ = {
			isa = PBXResourcesBuildPhase;
			buildActionMask = 2147483647;
			files = (
				0201F7DC1C688BB100A201F6 /* Assets.xcassets in Resources */,
				024A5B2B1C69FFD90079D22C /* WelcomeView.xib in Resources */,
				024A5B131C69FFCD0079D22C /* DetailViewController.xib in Resources */,
				024A5B0D1C69FF990079D22C /* MainMenu.xib in Resources */,
				020CF83D1C6A3AD30025DF84 /* NAMIDI.help in Resources */,
				020CF8301C6A04830025DF84 /* getting-started in Resources */,
				024A5B1C1C69FFD40079D22C /* MainViewController.xib in Resources */,
				024A5B2F1C69FFD90079D22C /* WelcomeWindowController.xib in Resources */,
				024A5B1E1C69FFD40079D22C /* MainWindowController.xib in Resources */,
				020CF8391C6A1BFD0025DF84 /* GettingStartedWindowController.xib in Resources */,
				020CF8571C6AD4D80025DF84 /* PreferenceWindowController.xib in Resources */,
			);
			runOnlyForDeploymentPostprocessing = 0;
		};
/* End PBXResourcesBuildPhase section */

/* Begin PBXSourcesBuildPhase section */
		0201F7C81C688BB100A201F6 /* Sources */ = {
			isa = PBXSourcesBuildPhase;
			buildActionMask = 2147483647;
			files = (
				024A5B1D1C69FFD40079D22C /* MainWindowController.m in Sources */,
				0201F7D71C688BB100A201F6 /* Document.m in Sources */,
				0201F7D41C688BB100A201F6 /* main.m in Sources */,
				0201F7D11C688BB100A201F6 /* AppDelegate.m in Sources */,
				024A5B2A1C69FFD90079D22C /* WelcomeView.m in Sources */,
				024A5B2D1C69FFD90079D22C /* WelcomeWindow.m in Sources */,
				024A5B361C6A01280079D22C /* GettingStartedWindowController.m in Sources */,
				024A5B1B1C69FFD40079D22C /* MainViewController.m in Sources */,
				024A5B121C69FFCD0079D22C /* DetailViewController.m in Sources */,
				024A5B2E1C69FFD90079D22C /* WelcomeWindowController.m in Sources */,
				020CF8561C6AD4D80025DF84 /* PreferenceWindowController.m in Sources */,
				024A5B2C1C69FFD90079D22C /* WelcomeViewRecentTableCell.m in Sources */,
			);
			runOnlyForDeploymentPostprocessing = 0;
		};
/* End PBXSourcesBuildPhase section */

/* Begin XCBuildConfiguration section */
		0201F7E11C688BB100A201F6 /* Debug */ = {
			isa = XCBuildConfiguration;
			buildSettings = {
				ALWAYS_SEARCH_USER_PATHS = NO;
				CLANG_CXX_LANGUAGE_STANDARD = "gnu++0x";
				CLANG_CXX_LIBRARY = "libc++";
				CLANG_ENABLE_MODULES = YES;
				CLANG_ENABLE_OBJC_ARC = YES;
				CLANG_WARN_BOOL_CONVERSION = YES;
				CLANG_WARN_CONSTANT_CONVERSION = YES;
				CLANG_WARN_DIRECT_OBJC_ISA_USAGE = YES_ERROR;
				CLANG_WARN_EMPTY_BODY = YES;
				CLANG_WARN_ENUM_CONVERSION = YES;
				CLANG_WARN_INT_CONVERSION = YES;
				CLANG_WARN_OBJC_ROOT_CLASS = YES_ERROR;
				CLANG_WARN_UNREACHABLE_CODE = YES;
				CLANG_WARN__DUPLICATE_METHOD_MATCH = YES;
				CODE_SIGN_IDENTITY = "-";
				COPY_PHASE_STRIP = NO;
				DEBUG_INFORMATION_FORMAT = dwarf;
				ENABLE_STRICT_OBJC_MSGSEND = YES;
				ENABLE_TESTABILITY = YES;
				GCC_C_LANGUAGE_STANDARD = gnu99;
				GCC_DYNAMIC_NO_PIC = NO;
				GCC_NO_COMMON_BLOCKS = YES;
				GCC_OPTIMIZATION_LEVEL = 0;
				GCC_PREPROCESSOR_DEFINITIONS = (
					"DEBUG=1",
					"$(inherited)",
				);
				GCC_WARN_64_TO_32_BIT_CONVERSION = YES;
				GCC_WARN_ABOUT_RETURN_TYPE = YES_ERROR;
				GCC_WARN_UNDECLARED_SELECTOR = YES;
				GCC_WARN_UNINITIALIZED_AUTOS = YES_AGGRESSIVE;
				GCC_WARN_UNUSED_FUNCTION = YES;
				GCC_WARN_UNUSED_VARIABLE = YES;
				MACOSX_DEPLOYMENT_TARGET = 10.11;
				MTL_ENABLE_DEBUG_INFO = YES;
				ONLY_ACTIVE_ARCH = YES;
				SDKROOT = macosx;
			};
			name = Debug;
		};
		0201F7E21C688BB100A201F6 /* Release */ = {
			isa = XCBuildConfiguration;
			buildSettings = {
				ALWAYS_SEARCH_USER_PATHS = NO;
				CLANG_CXX_LANGUAGE_STANDARD = "gnu++0x";
				CLANG_CXX_LIBRARY = "libc++";
				CLANG_ENABLE_MODULES = YES;
				CLANG_ENABLE_OBJC_ARC = YES;
				CLANG_WARN_BOOL_CONVERSION = YES;
				CLANG_WARN_CONSTANT_CONVERSION = YES;
				CLANG_WARN_DIRECT_OBJC_ISA_USAGE = YES_ERROR;
				CLANG_WARN_EMPTY_BODY = YES;
				CLANG_WARN_ENUM_CONVERSION = YES;
				CLANG_WARN_INT_CONVERSION = YES;
				CLANG_WARN_OBJC_ROOT_CLASS = YES_ERROR;
				CLANG_WARN_UNREACHABLE_CODE = YES;
				CLANG_WARN__DUPLICATE_METHOD_MATCH = YES;
				CODE_SIGN_IDENTITY = "-";
				COPY_PHASE_STRIP = NO;
				DEBUG_INFORMATION_FORMAT = "dwarf-with-dsym";
				ENABLE_NS_ASSERTIONS = NO;
				ENABLE_STRICT_OBJC_MSGSEND = YES;
				GCC_C_LANGUAGE_STANDARD = gnu99;
				GCC_NO_COMMON_BLOCKS = YES;
				GCC_WARN_64_TO_32_BIT_CONVERSION = YES;
				GCC_WARN_ABOUT_RETURN_TYPE = YES_ERROR;
				GCC_WARN_UNDECLARED_SELECTOR = YES;
				GCC_WARN_UNINITIALIZED_AUTOS = YES_AGGRESSIVE;
				GCC_WARN_UNUSED_FUNCTION = YES;
				GCC_WARN_UNUSED_VARIABLE = YES;
				MACOSX_DEPLOYMENT_TARGET = 10.11;
				MTL_ENABLE_DEBUG_INFO = NO;
				SDKROOT = macosx;
			};
			name = Release;
		};
		0201F7E41C688BB100A201F6 /* Debug */ = {
			isa = XCBuildConfiguration;
			buildSettings = {
				ASSETCATALOG_COMPILER_APPICON_NAME = AppIcon;
				CODE_SIGN_ENTITLEMENTS = NAMIDI/NAMIDI.entitlements;
				COMBINE_HIDPI_IMAGES = YES;
				INFOPLIST_FILE = NAMIDI/Info.plist;
				LD_RUNPATH_SEARCH_PATHS = "$(inherited) @executable_path/../Frameworks";
				PRODUCT_BUNDLE_IDENTIFIER = io.namidi.NAMIDI;
				PRODUCT_NAME = "$(TARGET_NAME)";
			};
			name = Debug;
		};
		0201F7E51C688BB100A201F6 /* Release */ = {
			isa = XCBuildConfiguration;
			buildSettings = {
				ASSETCATALOG_COMPILER_APPICON_NAME = AppIcon;
				CODE_SIGN_ENTITLEMENTS = NAMIDI/NAMIDI.entitlements;
				COMBINE_HIDPI_IMAGES = YES;
				INFOPLIST_FILE = NAMIDI/Info.plist;
				LD_RUNPATH_SEARCH_PATHS = "$(inherited) @executable_path/../Frameworks";
				PRODUCT_BUNDLE_IDENTIFIER = io.namidi.NAMIDI;
				PRODUCT_NAME = "$(TARGET_NAME)";
			};
			name = Release;
		};
/* End XCBuildConfiguration section */

/* Begin XCConfigurationList section */
		0201F7C71C688BB100A201F6 /* Build configuration list for PBXProject "NAMIDI" */ = {
			isa = XCConfigurationList;
			buildConfigurations = (
				0201F7E11C688BB100A201F6 /* Debug */,
				0201F7E21C688BB100A201F6 /* Release */,
			);
			defaultConfigurationIsVisible = 0;
			defaultConfigurationName = Release;
		};
		0201F7E31C688BB100A201F6 /* Build configuration list for PBXNativeTarget "NAMIDI" */ = {
			isa = XCConfigurationList;
			buildConfigurations = (
				0201F7E41C688BB100A201F6 /* Debug */,
				0201F7E51C688BB100A201F6 /* Release */,
			);
			defaultConfigurationIsVisible = 0;
			defaultConfigurationName = Release;
		};
/* End XCConfigurationList section */
	};
	rootObject = 0201F7C41C688BB100A201F6 /* Project object */;
}
