// !$*UTF8*$!
{
	archiveVersion = 1;
	classes = {
	};
	objectVersion = 46;
	objects = {

/* Begin PBXBuildFile section */
		028091BD1A8F7D10006B7C23 /* AppDelegate.swift in Sources */ = {isa = PBXBuildFile; fileRef = 028091BC1A8F7D10006B7C23 /* AppDelegate.swift */; };
		028091BF1A8F7D10006B7C23 /* Images.xcassets in Resources */ = {isa = PBXBuildFile; fileRef = 028091BE1A8F7D10006B7C23 /* Images.xcassets */; };
		028091C21A8F7D10006B7C23 /* MainMenu.xib in Resources */ = {isa = PBXBuildFile; fileRef = 028091C01A8F7D10006B7C23 /* MainMenu.xib */; };
		028091CE1A8F7D11006B7C23 /* namidiTests.swift in Sources */ = {isa = PBXBuildFile; fileRef = 028091CD1A8F7D11006B7C23 /* namidiTests.swift */; };
		028091DD1A8F826B006B7C23 /* FileDialogController.swift in Sources */ = {isa = PBXBuildFile; fileRef = 028091DC1A8F826B006B7C23 /* FileDialogController.swift */; };
/* End PBXBuildFile section */

/* Begin PBXContainerItemProxy section */
		028091C81A8F7D11006B7C23 /* PBXContainerItemProxy */ = {
			isa = PBXContainerItemProxy;
			containerPortal = 028091AF1A8F7D10006B7C23 /* Project object */;
			proxyType = 1;
			remoteGlobalIDString = 028091B61A8F7D10006B7C23;
			remoteInfo = namidi;
		};
/* End PBXContainerItemProxy section */

/* Begin PBXFileReference section */
		028091B71A8F7D10006B7C23 /* namidi.app */ = {isa = PBXFileReference; explicitFileType = wrapper.application; includeInIndex = 0; path = namidi.app; sourceTree = BUILT_PRODUCTS_DIR; };
		028091BB1A8F7D10006B7C23 /* Info.plist */ = {isa = PBXFileReference; lastKnownFileType = text.plist.xml; path = Info.plist; sourceTree = "<group>"; };
		028091BC1A8F7D10006B7C23 /* AppDelegate.swift */ = {isa = PBXFileReference; lastKnownFileType = sourcecode.swift; path = AppDelegate.swift; sourceTree = "<group>"; };
		028091BE1A8F7D10006B7C23 /* Images.xcassets */ = {isa = PBXFileReference; lastKnownFileType = folder.assetcatalog; path = Images.xcassets; sourceTree = "<group>"; };
		028091C11A8F7D10006B7C23 /* Base */ = {isa = PBXFileReference; lastKnownFileType = file.xib; name = Base; path = Base.lproj/MainMenu.xib; sourceTree = "<group>"; };
		028091C71A8F7D11006B7C23 /* namidiTests.xctest */ = {isa = PBXFileReference; explicitFileType = wrapper.cfbundle; includeInIndex = 0; path = namidiTests.xctest; sourceTree = BUILT_PRODUCTS_DIR; };
		028091CC1A8F7D11006B7C23 /* Info.plist */ = {isa = PBXFileReference; lastKnownFileType = text.plist.xml; path = Info.plist; sourceTree = "<group>"; };
		028091CD1A8F7D11006B7C23 /* namidiTests.swift */ = {isa = PBXFileReference; lastKnownFileType = sourcecode.swift; path = namidiTests.swift; sourceTree = "<group>"; };
		028091DC1A8F826B006B7C23 /* FileDialogController.swift */ = {isa = PBXFileReference; fileEncoding = 4; lastKnownFileType = sourcecode.swift; path = FileDialogController.swift; sourceTree = "<group>"; };
/* End PBXFileReference section */

/* Begin PBXFrameworksBuildPhase section */
		028091B41A8F7D10006B7C23 /* Frameworks */ = {
			isa = PBXFrameworksBuildPhase;
			buildActionMask = 2147483647;
			files = (
			);
			runOnlyForDeploymentPostprocessing = 0;
		};
		028091C41A8F7D11006B7C23 /* Frameworks */ = {
			isa = PBXFrameworksBuildPhase;
			buildActionMask = 2147483647;
			files = (
			);
			runOnlyForDeploymentPostprocessing = 0;
		};
/* End PBXFrameworksBuildPhase section */

/* Begin PBXGroup section */
		028091AE1A8F7D10006B7C23 = {
			isa = PBXGroup;
			children = (
				028091B91A8F7D10006B7C23 /* namidi */,
				028091CA1A8F7D11006B7C23 /* namidiTests */,
				028091B81A8F7D10006B7C23 /* Products */,
			);
			sourceTree = "<group>";
		};
		028091B81A8F7D10006B7C23 /* Products */ = {
			isa = PBXGroup;
			children = (
				028091B71A8F7D10006B7C23 /* namidi.app */,
				028091C71A8F7D11006B7C23 /* namidiTests.xctest */,
			);
			name = Products;
			sourceTree = "<group>";
		};
		028091B91A8F7D10006B7C23 /* namidi */ = {
			isa = PBXGroup;
			children = (
				028091D71A8F80D6006B7C23 /* Classes */,
				028091BC1A8F7D10006B7C23 /* AppDelegate.swift */,
				028091BE1A8F7D10006B7C23 /* Images.xcassets */,
				028091C01A8F7D10006B7C23 /* MainMenu.xib */,
				028091BA1A8F7D10006B7C23 /* Supporting Files */,
			);
			path = namidi;
			sourceTree = "<group>";
		};
		028091BA1A8F7D10006B7C23 /* Supporting Files */ = {
			isa = PBXGroup;
			children = (
				028091BB1A8F7D10006B7C23 /* Info.plist */,
			);
			name = "Supporting Files";
			sourceTree = "<group>";
		};
		028091CA1A8F7D11006B7C23 /* namidiTests */ = {
			isa = PBXGroup;
			children = (
				028091CD1A8F7D11006B7C23 /* namidiTests.swift */,
				028091CB1A8F7D11006B7C23 /* Supporting Files */,
			);
			path = namidiTests;
			sourceTree = "<group>";
		};
		028091CB1A8F7D11006B7C23 /* Supporting Files */ = {
			isa = PBXGroup;
			children = (
				028091CC1A8F7D11006B7C23 /* Info.plist */,
			);
			name = "Supporting Files";
			sourceTree = "<group>";
		};
		028091D71A8F80D6006B7C23 /* Classes */ = {
			isa = PBXGroup;
			children = (
				028091D91A8F8189006B7C23 /* Controllers */,
				028091DA1A8F8189006B7C23 /* Models */,
				028091DB1A8F8189006B7C23 /* Views */,
			);
			path = Classes;
			sourceTree = "<group>";
		};
		028091D91A8F8189006B7C23 /* Controllers */ = {
			isa = PBXGroup;
			children = (
				028091DC1A8F826B006B7C23 /* FileDialogController.swift */,
			);
			path = Controllers;
			sourceTree = "<group>";
		};
		028091DA1A8F8189006B7C23 /* Models */ = {
			isa = PBXGroup;
			children = (
			);
			path = Models;
			sourceTree = "<group>";
		};
		028091DB1A8F8189006B7C23 /* Views */ = {
			isa = PBXGroup;
			children = (
			);
			path = Views;
			sourceTree = "<group>";
		};
/* End PBXGroup section */

/* Begin PBXNativeTarget section */
		028091B61A8F7D10006B7C23 /* namidi */ = {
			isa = PBXNativeTarget;
			buildConfigurationList = 028091D11A8F7D11006B7C23 /* Build configuration list for PBXNativeTarget "namidi" */;
			buildPhases = (
				028091B31A8F7D10006B7C23 /* Sources */,
				028091B41A8F7D10006B7C23 /* Frameworks */,
				028091B51A8F7D10006B7C23 /* Resources */,
			);
			buildRules = (
			);
			dependencies = (
			);
			name = namidi;
			productName = namidi;
			productReference = 028091B71A8F7D10006B7C23 /* namidi.app */;
			productType = "com.apple.product-type.application";
		};
		028091C61A8F7D11006B7C23 /* namidiTests */ = {
			isa = PBXNativeTarget;
			buildConfigurationList = 028091D41A8F7D11006B7C23 /* Build configuration list for PBXNativeTarget "namidiTests" */;
			buildPhases = (
				028091C31A8F7D11006B7C23 /* Sources */,
				028091C41A8F7D11006B7C23 /* Frameworks */,
				028091C51A8F7D11006B7C23 /* Resources */,
			);
			buildRules = (
			);
			dependencies = (
				028091C91A8F7D11006B7C23 /* PBXTargetDependency */,
			);
			name = namidiTests;
			productName = namidiTests;
			productReference = 028091C71A8F7D11006B7C23 /* namidiTests.xctest */;
			productType = "com.apple.product-type.bundle.unit-test";
		};
/* End PBXNativeTarget section */

/* Begin PBXProject section */
		028091AF1A8F7D10006B7C23 /* Project object */ = {
			isa = PBXProject;
			attributes = {
				LastUpgradeCheck = 0610;
				TargetAttributes = {
					028091B61A8F7D10006B7C23 = {
						CreatedOnToolsVersion = 6.1.1;
					};
					028091C61A8F7D11006B7C23 = {
						CreatedOnToolsVersion = 6.1.1;
						TestTargetID = 028091B61A8F7D10006B7C23;
					};
				};
			};
			buildConfigurationList = 028091B21A8F7D10006B7C23 /* Build configuration list for PBXProject "namidi" */;
			compatibilityVersion = "Xcode 3.2";
			developmentRegion = English;
			hasScannedForEncodings = 0;
			knownRegions = (
				en,
				Base,
			);
			mainGroup = 028091AE1A8F7D10006B7C23;
			productRefGroup = 028091B81A8F7D10006B7C23 /* Products */;
			projectDirPath = "";
			projectRoot = "";
			targets = (
				028091B61A8F7D10006B7C23 /* namidi */,
				028091C61A8F7D11006B7C23 /* namidiTests */,
			);
		};
/* End PBXProject section */

/* Begin PBXResourcesBuildPhase section */
		028091B51A8F7D10006B7C23 /* Resources */ = {
			isa = PBXResourcesBuildPhase;
			buildActionMask = 2147483647;
			files = (
				028091BF1A8F7D10006B7C23 /* Images.xcassets in Resources */,
				028091C21A8F7D10006B7C23 /* MainMenu.xib in Resources */,
			);
			runOnlyForDeploymentPostprocessing = 0;
		};
		028091C51A8F7D11006B7C23 /* Resources */ = {
			isa = PBXResourcesBuildPhase;
			buildActionMask = 2147483647;
			files = (
			);
			runOnlyForDeploymentPostprocessing = 0;
		};
/* End PBXResourcesBuildPhase section */

/* Begin PBXSourcesBuildPhase section */
		028091B31A8F7D10006B7C23 /* Sources */ = {
			isa = PBXSourcesBuildPhase;
			buildActionMask = 2147483647;
			files = (
				028091BD1A8F7D10006B7C23 /* AppDelegate.swift in Sources */,
				028091DD1A8F826B006B7C23 /* FileDialogController.swift in Sources */,
			);
			runOnlyForDeploymentPostprocessing = 0;
		};
		028091C31A8F7D11006B7C23 /* Sources */ = {
			isa = PBXSourcesBuildPhase;
			buildActionMask = 2147483647;
			files = (
				028091CE1A8F7D11006B7C23 /* namidiTests.swift in Sources */,
			);
			runOnlyForDeploymentPostprocessing = 0;
		};
/* End PBXSourcesBuildPhase section */

/* Begin PBXTargetDependency section */
		028091C91A8F7D11006B7C23 /* PBXTargetDependency */ = {
			isa = PBXTargetDependency;
			target = 028091B61A8F7D10006B7C23 /* namidi */;
			targetProxy = 028091C81A8F7D11006B7C23 /* PBXContainerItemProxy */;
		};
/* End PBXTargetDependency section */

/* Begin PBXVariantGroup section */
		028091C01A8F7D10006B7C23 /* MainMenu.xib */ = {
			isa = PBXVariantGroup;
			children = (
				028091C11A8F7D10006B7C23 /* Base */,
			);
			name = MainMenu.xib;
			sourceTree = "<group>";
		};
/* End PBXVariantGroup section */

/* Begin XCBuildConfiguration section */
		028091CF1A8F7D11006B7C23 /* Debug */ = {
			isa = XCBuildConfiguration;
			buildSettings = {
				ALWAYS_SEARCH_USER_PATHS = NO;
				CLANG_CXX_LANGUAGE_STANDARD = "gnu++0x";
				CLANG_CXX_LIBRARY = "libc++";
				CLANG_ENABLE_MODULES = YES;
				CLANG_ENABLE_OBJC_ARC = YES;
				CLANG_WARN_BOOL_CONVERSION = YES;
				CLANG_WARN_CONSTANT_CONVERSION = YES;
				CLANG_WARN_DIRECT_OBJC_ISA_USAGE = YES_ERROR;
				CLANG_WARN_EMPTY_BODY = YES;
				CLANG_WARN_ENUM_CONVERSION = YES;
				CLANG_WARN_INT_CONVERSION = YES;
				CLANG_WARN_OBJC_ROOT_CLASS = YES_ERROR;
				CLANG_WARN_UNREACHABLE_CODE = YES;
				CLANG_WARN__DUPLICATE_METHOD_MATCH = YES;
				CODE_SIGN_IDENTITY = "-";
				COPY_PHASE_STRIP = NO;
				ENABLE_STRICT_OBJC_MSGSEND = YES;
				GCC_C_LANGUAGE_STANDARD = gnu99;
				GCC_DYNAMIC_NO_PIC = NO;
				GCC_OPTIMIZATION_LEVEL = 0;
				GCC_PREPROCESSOR_DEFINITIONS = (
					"DEBUG=1",
					"$(inherited)",
				);
				GCC_SYMBOLS_PRIVATE_EXTERN = NO;
				GCC_WARN_64_TO_32_BIT_CONVERSION = YES;
				GCC_WARN_ABOUT_RETURN_TYPE = YES_ERROR;
				GCC_WARN_UNDECLARED_SELECTOR = YES;
				GCC_WARN_UNINITIALIZED_AUTOS = YES_AGGRESSIVE;
				GCC_WARN_UNUSED_FUNCTION = YES;
				GCC_WARN_UNUSED_VARIABLE = YES;
				MACOSX_DEPLOYMENT_TARGET = 10.9;
				MTL_ENABLE_DEBUG_INFO = YES;
				ONLY_ACTIVE_ARCH = YES;
				SDKROOT = macosx;
				SWIFT_OPTIMIZATION_LEVEL = "-Onone";
			};
			name = Debug;
		};
		028091D01A8F7D11006B7C23 /* Release */ = {
			isa = XCBuildConfiguration;
			buildSettings = {
				ALWAYS_SEARCH_USER_PATHS = NO;
				CLANG_CXX_LANGUAGE_STANDARD = "gnu++0x";
				CLANG_CXX_LIBRARY = "libc++";
				CLANG_ENABLE_MODULES = YES;
				CLANG_ENABLE_OBJC_ARC = YES;
				CLANG_WARN_BOOL_CONVERSION = YES;
				CLANG_WARN_CONSTANT_CONVERSION = YES;
				CLANG_WARN_DIRECT_OBJC_ISA_USAGE = YES_ERROR;
				CLANG_WARN_EMPTY_BODY = YES;
				CLANG_WARN_ENUM_CONVERSION = YES;
				CLANG_WARN_INT_CONVERSION = YES;
				CLANG_WARN_OBJC_ROOT_CLASS = YES_ERROR;
				CLANG_WARN_UNREACHABLE_CODE = YES;
				CLANG_WARN__DUPLICATE_METHOD_MATCH = YES;
				CODE_SIGN_IDENTITY = "-";
				COPY_PHASE_STRIP = YES;
				DEBUG_INFORMATION_FORMAT = "dwarf-with-dsym";
				ENABLE_NS_ASSERTIONS = NO;
				ENABLE_STRICT_OBJC_MSGSEND = YES;
				GCC_C_LANGUAGE_STANDARD = gnu99;
				GCC_WARN_64_TO_32_BIT_CONVERSION = YES;
				GCC_WARN_ABOUT_RETURN_TYPE = YES_ERROR;
				GCC_WARN_UNDECLARED_SELECTOR = YES;
				GCC_WARN_UNINITIALIZED_AUTOS = YES_AGGRESSIVE;
				GCC_WARN_UNUSED_FUNCTION = YES;
				GCC_WARN_UNUSED_VARIABLE = YES;
				MACOSX_DEPLOYMENT_TARGET = 10.9;
				MTL_ENABLE_DEBUG_INFO = NO;
				SDKROOT = macosx;
			};
			name = Release;
		};
		028091D21A8F7D11006B7C23 /* Debug */ = {
			isa = XCBuildConfiguration;
			buildSettings = {
				ASSETCATALOG_COMPILER_APPICON_NAME = AppIcon;
				COMBINE_HIDPI_IMAGES = YES;
				INFOPLIST_FILE = namidi/Info.plist;
				LD_RUNPATH_SEARCH_PATHS = "$(inherited) @executable_path/../Frameworks";
				PRODUCT_NAME = "$(TARGET_NAME)";
			};
			name = Debug;
		};
		028091D31A8F7D11006B7C23 /* Release */ = {
			isa = XCBuildConfiguration;
			buildSettings = {
				ASSETCATALOG_COMPILER_APPICON_NAME = AppIcon;
				COMBINE_HIDPI_IMAGES = YES;
				INFOPLIST_FILE = namidi/Info.plist;
				LD_RUNPATH_SEARCH_PATHS = "$(inherited) @executable_path/../Frameworks";
				PRODUCT_NAME = "$(TARGET_NAME)";
			};
			name = Release;
		};
		028091D51A8F7D11006B7C23 /* Debug */ = {
			isa = XCBuildConfiguration;
			buildSettings = {
				BUNDLE_LOADER = "$(TEST_HOST)";
				COMBINE_HIDPI_IMAGES = YES;
				FRAMEWORK_SEARCH_PATHS = (
					"$(DEVELOPER_FRAMEWORKS_DIR)",
					"$(inherited)",
				);
				GCC_PREPROCESSOR_DEFINITIONS = (
					"DEBUG=1",
					"$(inherited)",
				);
				INFOPLIST_FILE = namidiTests/Info.plist;
				LD_RUNPATH_SEARCH_PATHS = "$(inherited) @executable_path/../Frameworks @loader_path/../Frameworks";
				PRODUCT_NAME = "$(TARGET_NAME)";
				TEST_HOST = "$(BUILT_PRODUCTS_DIR)/namidi.app/Contents/MacOS/namidi";
			};
			name = Debug;
		};
		028091D61A8F7D11006B7C23 /* Release */ = {
			isa = XCBuildConfiguration;
			buildSettings = {
				BUNDLE_LOADER = "$(TEST_HOST)";
				COMBINE_HIDPI_IMAGES = YES;
				FRAMEWORK_SEARCH_PATHS = (
					"$(DEVELOPER_FRAMEWORKS_DIR)",
					"$(inherited)",
				);
				INFOPLIST_FILE = namidiTests/Info.plist;
				LD_RUNPATH_SEARCH_PATHS = "$(inherited) @executable_path/../Frameworks @loader_path/../Frameworks";
				PRODUCT_NAME = "$(TARGET_NAME)";
				TEST_HOST = "$(BUILT_PRODUCTS_DIR)/namidi.app/Contents/MacOS/namidi";
			};
			name = Release;
		};
/* End XCBuildConfiguration section */

/* Begin XCConfigurationList section */
		028091B21A8F7D10006B7C23 /* Build configuration list for PBXProject "namidi" */ = {
			isa = XCConfigurationList;
			buildConfigurations = (
				028091CF1A8F7D11006B7C23 /* Debug */,
				028091D01A8F7D11006B7C23 /* Release */,
			);
			defaultConfigurationIsVisible = 0;
			defaultConfigurationName = Release;
		};
		028091D11A8F7D11006B7C23 /* Build configuration list for PBXNativeTarget "namidi" */ = {
			isa = XCConfigurationList;
			buildConfigurations = (
				028091D21A8F7D11006B7C23 /* Debug */,
				028091D31A8F7D11006B7C23 /* Release */,
			);
			defaultConfigurationIsVisible = 0;
		};
		028091D41A8F7D11006B7C23 /* Build configuration list for PBXNativeTarget "namidiTests" */ = {
			isa = XCConfigurationList;
			buildConfigurations = (
				028091D51A8F7D11006B7C23 /* Debug */,
				028091D61A8F7D11006B7C23 /* Release */,
			);
			defaultConfigurationIsVisible = 0;
		};
/* End XCConfigurationList section */
	};
	rootObject = 028091AF1A8F7D10006B7C23 /* Project object */;
}
